// !$*UTF8*$!
{
	archiveVersion = 1;
	classes = {
	};
	objectVersion = 46;
	objects = {

/* Begin PBXFileReference section */
		CA5195AD1B32D58F004E023A /* .cproject */ = {isa = PBXFileReference; lastKnownFileType = text.xml; path = .cproject; sourceTree = "<group>"; };
		CA5195AE1B32D58F004E023A /* .DS_Store */ = {isa = PBXFileReference; lastKnownFileType = file; path = .DS_Store; sourceTree = "<group>"; };
		CA5195AF1B32D58F004E023A /* .project */ = {isa = PBXFileReference; lastKnownFileType = text.xml; path = .project; sourceTree = "<group>"; };
		CA5195B01B32D58F004E023A /* .settings */ = {isa = PBXFileReference; lastKnownFileType = folder; path = .settings; sourceTree = "<group>"; };
		CA5195B11B32D58F004E023A /* data */ = {isa = PBXFileReference; lastKnownFileType = folder; path = data; sourceTree = "<group>"; };
		CA5195B21B32D58F004E023A /* include */ = {isa = PBXFileReference; lastKnownFileType = folder; path = include; sourceTree = "<group>"; };
		CA5195B31B32D58F004E023A /* Makefile */ = {isa = PBXFileReference; lastKnownFileType = sourcecode.make; path = Makefile; sourceTree = "<group>"; };
		CA5195B41B32D58F004E023A /* README.md */ = {isa = PBXFileReference; lastKnownFileType = net.daringfireball.markdown; path = README.md; sourceTree = "<group>"; };
		CA5195B51B32D58F004E023A /* spine-c.sln */ = {isa = PBXFileReference; lastKnownFileType = text; path = "spine-c.sln"; sourceTree = "<group>"; };
		CA5195B61B32D58F004E023A /* spine-c.vcxproj */ = {isa = PBXFileReference; lastKnownFileType = text.xml; path = "spine-c.vcxproj"; sourceTree = "<group>"; };
		CA5195B71B32D58F004E023A /* spine-c.vcxproj.filters */ = {isa = PBXFileReference; lastKnownFileType = text.xml; path = "spine-c.vcxproj.filters"; sourceTree = "<group>"; };
		CA5195B81B32D58F004E023A /* src */ = {isa = PBXFileReference; lastKnownFileType = folder; path = src; sourceTree = "<group>"; };
/* End PBXFileReference section */

/* Begin PBXGroup section */
		CA5195A71B32D58F004E023A = {
			isa = PBXGroup;
			children = (
				CA5195AD1B32D58F004E023A /* .cproject */,
				CA5195AE1B32D58F004E023A /* .DS_Store */,
				CA5195AF1B32D58F004E023A /* .project */,
				CA5195B01B32D58F004E023A /* .settings */,
				CA5195B11B32D58F004E023A /* data */,
				CA5195B21B32D58F004E023A /* include */,
				CA5195B31B32D58F004E023A /* Makefile */,
				CA5195B41B32D58F004E023A /* README.md */,
				CA5195B51B32D58F004E023A /* spine-c.sln */,
				CA5195B61B32D58F004E023A /* spine-c.vcxproj */,
				CA5195B71B32D58F004E023A /* spine-c.vcxproj.filters */,
				CA5195B81B32D58F004E023A /* src */,
			);
			sourceTree = "<group>";
		};
/* End PBXGroup section */

/* Begin PBXLegacyTarget section */
		CA5195AC1B32D58F004E023A /* spine-c */ = {
			isa = PBXLegacyTarget;
			buildArgumentsString = "$(ACTION)";
			buildConfigurationList = CA5195B91B32D58F004E023A /* Build configuration list for PBXLegacyTarget "spine-c" */;
			buildPhases = (
			);
			buildToolPath = /usr/bin/make;
			buildWorkingDirectory = "/Users/roopesh/Dev/monster-math/spine-runtimes/spine-c";
			dependencies = (
			);
			name = "spine-c";
			passBuildSettingsInEnvironment = 1;
			productName = "spine-c";
		};
/* End PBXLegacyTarget section */

/* Begin PBXProject section */
		CA5195A81B32D58F004E023A /* Project object */ = {
			isa = PBXProject;
			attributes = {
			};
			buildConfigurationList = CA5195AB1B32D58F004E023A /* Build configuration list for PBXProject "spine-c" */;
			compatibilityVersion = "Xcode 3.2";
			developmentRegion = English;
			hasScannedForEncodings = 0;
			knownRegions = (
				en,
			);
			mainGroup = CA5195A71B32D58F004E023A;
			projectDirPath = "";
			projectRoot = "";
			targets = (
				CA5195AC1B32D58F004E023A /* spine-c */,
			);
		};
/* End PBXProject section */

/* Begin XCBuildConfiguration section */
		CA5195A91B32D58F004E023A /* Debug */ = {
			isa = XCBuildConfiguration;
			buildSettings = {
				ARCHS = "$(ARCHS_STANDARD_32_BIT)";
				COPY_PHASE_STRIP = NO;
				GCC_WARN_ABOUT_RETURN_TYPE = YES;
				GCC_WARN_UNUSED_VARIABLE = YES;
				ONLY_ACTIVE_ARCH = YES;
				SDKROOT = macosx10.6;
			};
			name = Debug;
		};
		CA5195AA1B32D58F004E023A /* Release */ = {
			isa = XCBuildConfiguration;
			buildSettings = {
				ARCHS = "$(ARCHS_STANDARD_32_BIT)";
				COPY_PHASE_STRIP = YES;
				GCC_WARN_ABOUT_RETURN_TYPE = YES;
				GCC_WARN_UNUSED_VARIABLE = YES;
				SDKROOT = macosx10.6;
			};
			name = Release;
		};
		CA5195BA1B32D58F004E023A /* Debug */ = {
			isa = XCBuildConfiguration;
			buildSettings = {
				COPY_PHASE_STRIP = NO;
				DEBUGGING_SYMBOLS = YES;
				GCC_DYNAMIC_NO_PIC = NO;
				GCC_ENABLE_FIX_AND_CONTINUE = YES;
				GCC_GENERATE_DEBUGGING_SYMBOLS = YES;
				GCC_OPTIMIZATION_LEVEL = 0;
				OTHER_CFLAGS = "";
				OTHER_LDFLAGS = "";
				PRODUCT_NAME = "spine-c";
			};
			name = Debug;
		};
		CA5195BB1B32D58F004E023A /* Release */ = {
			isa = XCBuildConfiguration;
			buildSettings = {
				COPY_PHASE_STRIP = YES;
				DEBUG_INFORMATION_FORMAT = "dwarf-with-dsym";
				GCC_ENABLE_FIX_AND_CONTINUE = NO;
				OTHER_CFLAGS = "";
				OTHER_LDFLAGS = "";
				PRODUCT_NAME = "spine-c";
			};
			name = Release;
		};
/* End XCBuildConfiguration section */

/* Begin XCConfigurationList section */
		CA5195AB1B32D58F004E023A /* Build configuration list for PBXProject "spine-c" */ = {
			isa = XCConfigurationList;
			buildConfigurations = (
				CA5195A91B32D58F004E023A /* Debug */,
				CA5195AA1B32D58F004E023A /* Release */,
			);
			defaultConfigurationIsVisible = 0;
			defaultConfigurationName = Release;
		};
		CA5195B91B32D58F004E023A /* Build configuration list for PBXLegacyTarget "spine-c" */ = {
			isa = XCConfigurationList;
			buildConfigurations = (
				CA5195BA1B32D58F004E023A /* Debug */,
				CA5195BB1B32D58F004E023A /* Release */,
			);
			defaultConfigurationIsVisible = 0;
			defaultConfigurationName = Release;
		};
/* End XCConfigurationList section */
	};
	rootObject = CA5195A81B32D58F004E023A /* Project object */;
}
