PODS:
  - FlutterMacOS (1.0.0)
  - spine_flutter (0.0.1):
    - FlutterMacOS

DEPENDENCIES:
  - FlutterMacOS (from `Flutter/ephemeral`)
  - spine_flutter (from `Flutter/ephemeral/.symlinks/plugins/spine_flutter/macos`)

EXTERNAL SOURCES:
  FlutterMacOS:
    :path: Flutter/ephemeral
  spine_flutter:
    :path: Flutter/ephemeral/.symlinks/plugins/spine_flutter/macos

SPEC CHECKSUMS:
  FlutterMacOS: 8f6f14fa908a6fb3fba0cd85dbd81ec4b251fb24
  spine_flutter: 9cf72fc0088c2820e80a4d3dc83ba29ac58f40d1

PODFILE CHECKSUM: 353c8bcc5d5b0994e508d035b5431cfe18c1dea7

COCOAPODS: 1.11.3
