PODS:
  - esotericsoftware_spine_flutter (0.0.1):
    - FlutterMacOS
  - FlutterMacOS (1.0.0)

DEPENDENCIES:
  - esotericsoftware_spine_flutter (from `Flutter/ephemeral/.symlinks/plugins/esotericsoftware_spine_flutter/macos`)
  - FlutterMacOS (from `Flutter/ephemeral`)

EXTERNAL SOURCES:
  esotericsoftware_spine_flutter:
    :path: Flutter/ephemeral/.symlinks/plugins/esotericsoftware_spine_flutter/macos
  FlutterMacOS:
    :path: Flutter/ephemeral

SPEC CHECKSUMS:
  esotericsoftware_spine_flutter: 9222ab83a8f5635976f03740fa1eb809809f2b4a
  FlutterMacOS: 8f6f14fa908a6fb3fba0cd85dbd81ec4b251fb24

PODFILE CHECKSUM: 353c8bcc5d5b0994e508d035b5431cfe18c1dea7

COCOAPODS: 1.11.3
