PODS:
  - esotericsoftware_spine_flutter (0.0.1):
    - FlutterMacOS
  - FlutterMacOS (1.0.0)

DEPENDENCIES:
  - esotericsoftware_spine_flutter (from `Flutter/ephemeral/.symlinks/plugins/esotericsoftware_spine_flutter/macos`)
  - FlutterMacOS (from `Flutter/ephemeral`)

EXTERNAL SOURCES:
  esotericsoftware_spine_flutter:
    :path: Flutter/ephemeral/.symlinks/plugins/esotericsoftware_spine_flutter/macos
  FlutterMacOS:
    :path: Flutter/ephemeral

SPEC CHECKSUMS:
  esotericsoftware_spine_flutter: 9222ab83a8f5635976f03740fa1eb809809f2b4a
  FlutterMacOS: ae6af50a8ea7d6103d888583d46bd8328a7e9811

PODFILE CHECKSUM: 6eac6b3292e5142cfc23bdeb71848a40ec51c14c

COCOAPODS: 1.11.3
