// !$*UTF8*$!
{
	archiveVersion = 1;
	classes = {
	};
	objectVersion = 46;
	objects = {

/* Begin PBXBuildFile section */
		1AC6FB21180E996B004C840B /* libcocos2d Mac.a in Frameworks */ = {isa = PBXBuildFile; fileRef = 1AC6FAF9180E9839004C840B /* libcocos2d Mac.a */; };
		1AC6FB30180E99EB004C840B /* libcocos2d iOS.a in Frameworks */ = {isa = PBXBuildFile; fileRef = 1AC6FB07180E9839004C840B /* libcocos2d iOS.a */; };
		1D60589F0D05DD5A006BFB54 /* Foundation.framework in Frameworks */ = {isa = PBXBuildFile; fileRef = 1D30AB110D05D00D00671497 /* Foundation.framework */; };
		1DF5F4E00D08C38300B7A737 /* UIKit.framework in Frameworks */ = {isa = PBXBuildFile; fileRef = 1DF5F4DF0D08C38300B7A737 /* UIKit.framework */; };
		288765A50DF7441C002DB57D /* CoreGraphics.framework in Frameworks */ = {isa = PBXBuildFile; fileRef = 288765A40DF7441C002DB57D /* CoreGraphics.framework */; };
		503AE0F817EB97AB00D1A890 /* Icon.icns in Resources */ = {isa = PBXBuildFile; fileRef = 503AE0F617EB97AB00D1A890 /* Icon.icns */; };
		503AE10017EB989F00D1A890 /* AppController.mm in Sources */ = {isa = PBXBuildFile; fileRef = 503AE0FB17EB989F00D1A890 /* AppController.mm */; };
		503AE10117EB989F00D1A890 /* main.m in Sources */ = {isa = PBXBuildFile; fileRef = 503AE0FC17EB989F00D1A890 /* main.m */; };
		503AE10217EB989F00D1A890 /* RootViewController.mm in Sources */ = {isa = PBXBuildFile; fileRef = 503AE0FF17EB989F00D1A890 /* RootViewController.mm */; };
		503AE10517EB98FF00D1A890 /* main.cpp in Sources */ = {isa = PBXBuildFile; fileRef = 503AE10317EB98FF00D1A890 /* main.cpp */; };
		503AE11B17EB9C5A00D1A890 /* IOKit.framework in Frameworks */ = {isa = PBXBuildFile; fileRef = 503AE11A17EB9C5A00D1A890 /* IOKit.framework */; };
		5087E76317EB910900C73F5D /* Foundation.framework in Frameworks */ = {isa = PBXBuildFile; fileRef = 1D30AB110D05D00D00671497 /* Foundation.framework */; };
		5087E76717EB910900C73F5D /* libz.dylib in Frameworks */ = {isa = PBXBuildFile; fileRef = BF170DB412928DE900B8313A /* libz.dylib */; };
		5087E76817EB910900C73F5D /* QuartzCore.framework in Frameworks */ = {isa = PBXBuildFile; fileRef = BF1C47EA1293683800B63C5D /* QuartzCore.framework */; };
		5087E76917EB910900C73F5D /* OpenAL.framework in Frameworks */ = {isa = PBXBuildFile; fileRef = D44C620B132DFF330009C878 /* OpenAL.framework */; };
		5087E76A17EB910900C73F5D /* AVFoundation.framework in Frameworks */ = {isa = PBXBuildFile; fileRef = D44C620D132DFF430009C878 /* AVFoundation.framework */; };
		5087E76B17EB910900C73F5D /* AudioToolbox.framework in Frameworks */ = {isa = PBXBuildFile; fileRef = D44C620F132DFF4E0009C878 /* AudioToolbox.framework */; };
		5087E77D17EB970100C73F5D /* Default-568h@2x.png in Resources */ = {isa = PBXBuildFile; fileRef = 5087E77217EB970100C73F5D /* Default-568h@2x.png */; };
		5087E77E17EB970100C73F5D /* Default.png in Resources */ = {isa = PBXBuildFile; fileRef = 5087E77317EB970100C73F5D /* Default.png */; };
		5087E77F17EB970100C73F5D /* Default@2x.png in Resources */ = {isa = PBXBuildFile; fileRef = 5087E77417EB970100C73F5D /* Default@2x.png */; };
		5087E78017EB970100C73F5D /* Icon-114.png in Resources */ = {isa = PBXBuildFile; fileRef = 5087E77517EB970100C73F5D /* Icon-114.png */; };
		5087E78117EB970100C73F5D /* Icon-120.png in Resources */ = {isa = PBXBuildFile; fileRef = 5087E77617EB970100C73F5D /* Icon-120.png */; };
		5087E78217EB970100C73F5D /* Icon-144.png in Resources */ = {isa = PBXBuildFile; fileRef = 5087E77717EB970100C73F5D /* Icon-144.png */; };
		5087E78317EB970100C73F5D /* Icon-152.png in Resources */ = {isa = PBXBuildFile; fileRef = 5087E77817EB970100C73F5D /* Icon-152.png */; };
		5087E78417EB970100C73F5D /* Icon-57.png in Resources */ = {isa = PBXBuildFile; fileRef = 5087E77917EB970100C73F5D /* Icon-57.png */; };
		5087E78517EB970100C73F5D /* Icon-72.png in Resources */ = {isa = PBXBuildFile; fileRef = 5087E77A17EB970100C73F5D /* Icon-72.png */; };
		5087E78617EB970100C73F5D /* Icon-76.png in Resources */ = {isa = PBXBuildFile; fileRef = 5087E77B17EB970100C73F5D /* Icon-76.png */; };
		5087E78917EB974C00C73F5D /* AppKit.framework in Frameworks */ = {isa = PBXBuildFile; fileRef = 5087E78817EB974C00C73F5D /* AppKit.framework */; };
		5087E78B17EB975400C73F5D /* OpenGL.framework in Frameworks */ = {isa = PBXBuildFile; fileRef = 5087E78A17EB975400C73F5D /* OpenGL.framework */; };
		50EF629617ECD46A001EB2F8 /* Icon-40.png in Resources */ = {isa = PBXBuildFile; fileRef = 50EF629217ECD46A001EB2F8 /* Icon-40.png */; };
		50EF629717ECD46A001EB2F8 /* Icon-58.png in Resources */ = {isa = PBXBuildFile; fileRef = 50EF629317ECD46A001EB2F8 /* Icon-58.png */; };
		50EF629817ECD46A001EB2F8 /* Icon-80.png in Resources */ = {isa = PBXBuildFile; fileRef = 50EF629417ECD46A001EB2F8 /* Icon-80.png */; };
		50EF629917ECD46A001EB2F8 /* Icon-100.png in Resources */ = {isa = PBXBuildFile; fileRef = 50EF629517ECD46A001EB2F8 /* Icon-100.png */; };
		50EF62A217ECD613001EB2F8 /* Icon-29.png in Resources */ = {isa = PBXBuildFile; fileRef = 50EF62A017ECD613001EB2F8 /* Icon-29.png */; };
		50EF62A317ECD613001EB2F8 /* Icon-50.png in Resources */ = {isa = PBXBuildFile; fileRef = 50EF62A117ECD613001EB2F8 /* Icon-50.png */; };
		521A8E6419F0C34300D177D7 /* Default-667h@2x.png in Resources */ = {isa = PBXBuildFile; fileRef = 521A8E6219F0C34300D177D7 /* Default-667h@2x.png */; };
		521A8E6519F0C34300D177D7 /* Default-736h@3x.png in Resources */ = {isa = PBXBuildFile; fileRef = 521A8E6319F0C34300D177D7 /* Default-736h@3x.png */; };
		52B47A471A53D09C004E4C60 /* Security.framework in Frameworks */ = {isa = PBXBuildFile; fileRef = 52B47A461A53D09B004E4C60 /* Security.framework */; };
		7602C5551D7DAA1300C7C674 /* CoreText.framework in Frameworks */ = {isa = PBXBuildFile; fileRef = 7602C5541D7DAA1300C7C674 /* CoreText.framework */; };
		76A45BDE1E64396800745AA1 /* SkeletonTwoColorBatch.cpp in Sources */ = {isa = PBXBuildFile; fileRef = 76A45BDC1E64396800745AA1 /* SkeletonTwoColorBatch.cpp */; };
		76A45BDF1E64396800745AA1 /* SkeletonTwoColorBatch.cpp in Sources */ = {isa = PBXBuildFile; fileRef = 76A45BDC1E64396800745AA1 /* SkeletonTwoColorBatch.cpp */; };
		76AAA3C01D180F7C00C54FCB /* AppDelegate.cpp in Sources */ = {isa = PBXBuildFile; fileRef = 76AAA3B31D180F7C00C54FCB /* AppDelegate.cpp */; };
		76AAA3C11D180F7C00C54FCB /* BatchingExample.cpp in Sources */ = {isa = PBXBuildFile; fileRef = 76AAA3B61D180F7C00C54FCB /* BatchingExample.cpp */; };
		76AAA3C21D180F7C00C54FCB /* GoblinsExample.cpp in Sources */ = {isa = PBXBuildFile; fileRef = 76AAA3B81D180F7C00C54FCB /* GoblinsExample.cpp */; };
		76AAA3C31D180F7C00C54FCB /* RaptorExample.cpp in Sources */ = {isa = PBXBuildFile; fileRef = 76AAA3BA1D180F7C00C54FCB /* RaptorExample.cpp */; };
		76AAA3C41D180F7C00C54FCB /* SimpleCommand.cpp in Sources */ = {isa = PBXBuildFile; fileRef = 76AAA3BC1D180F7C00C54FCB /* SimpleCommand.cpp */; };
		76AAA3C51D180F7C00C54FCB /* SpineboyExample.cpp in Sources */ = {isa = PBXBuildFile; fileRef = 76AAA3BE1D180F7C00C54FCB /* SpineboyExample.cpp */; };
		76AAA40C1D18106000C54FCB /* AttachmentVertices.cpp in Sources */ = {isa = PBXBuildFile; fileRef = 76AAA4001D18106000C54FCB /* AttachmentVertices.cpp */; };
		76AAA40D1D18106000C54FCB /* Cocos2dAttachmentLoader.cpp in Sources */ = {isa = PBXBuildFile; fileRef = 76AAA4021D18106000C54FCB /* Cocos2dAttachmentLoader.cpp */; };
		76AAA40E1D18106000C54FCB /* SkeletonAnimation.cpp in Sources */ = {isa = PBXBuildFile; fileRef = 76AAA4041D18106000C54FCB /* SkeletonAnimation.cpp */; };
		76AAA40F1D18106000C54FCB /* SkeletonBatch.cpp in Sources */ = {isa = PBXBuildFile; fileRef = 76AAA4061D18106000C54FCB /* SkeletonBatch.cpp */; };
		76AAA4101D18106000C54FCB /* SkeletonRenderer.cpp in Sources */ = {isa = PBXBuildFile; fileRef = 76AAA4081D18106000C54FCB /* SkeletonRenderer.cpp */; };
		76AAA4111D18106000C54FCB /* spine-cocos2dx.cpp in Sources */ = {isa = PBXBuildFile; fileRef = 76AAA40A1D18106000C54FCB /* spine-cocos2dx.cpp */; };
		76AAA4121D18119F00C54FCB /* AttachmentVertices.cpp in Sources */ = {isa = PBXBuildFile; fileRef = 76AAA4001D18106000C54FCB /* AttachmentVertices.cpp */; };
		76AAA4131D18119F00C54FCB /* AttachmentVertices.h in Sources */ = {isa = PBXBuildFile; fileRef = 76AAA4011D18106000C54FCB /* AttachmentVertices.h */; };
		76AAA4141D18119F00C54FCB /* Cocos2dAttachmentLoader.cpp in Sources */ = {isa = PBXBuildFile; fileRef = 76AAA4021D18106000C54FCB /* Cocos2dAttachmentLoader.cpp */; };
		76AAA4151D18119F00C54FCB /* Cocos2dAttachmentLoader.h in Sources */ = {isa = PBXBuildFile; fileRef = 76AAA4031D18106000C54FCB /* Cocos2dAttachmentLoader.h */; };
		76AAA4161D18119F00C54FCB /* SkeletonAnimation.cpp in Sources */ = {isa = PBXBuildFile; fileRef = 76AAA4041D18106000C54FCB /* SkeletonAnimation.cpp */; };
		76AAA4171D18119F00C54FCB /* SkeletonAnimation.h in Sources */ = {isa = PBXBuildFile; fileRef = 76AAA4051D18106000C54FCB /* SkeletonAnimation.h */; };
		76AAA4181D18119F00C54FCB /* SkeletonBatch.cpp in Sources */ = {isa = PBXBuildFile; fileRef = 76AAA4061D18106000C54FCB /* SkeletonBatch.cpp */; };
		76AAA4191D18119F00C54FCB /* SkeletonBatch.h in Sources */ = {isa = PBXBuildFile; fileRef = 76AAA4071D18106000C54FCB /* SkeletonBatch.h */; };
		76AAA41A1D18119F00C54FCB /* SkeletonRenderer.cpp in Sources */ = {isa = PBXBuildFile; fileRef = 76AAA4081D18106000C54FCB /* SkeletonRenderer.cpp */; };
		76AAA41B1D18119F00C54FCB /* SkeletonRenderer.h in Sources */ = {isa = PBXBuildFile; fileRef = 76AAA4091D18106000C54FCB /* SkeletonRenderer.h */; };
		76AAA41C1D18119F00C54FCB /* spine-cocos2dx.cpp in Sources */ = {isa = PBXBuildFile; fileRef = 76AAA40A1D18106000C54FCB /* spine-cocos2dx.cpp */; };
		76AAA41D1D18119F00C54FCB /* spine-cocos2dx.h in Sources */ = {isa = PBXBuildFile; fileRef = 76AAA40B1D18106000C54FCB /* spine-cocos2dx.h */; };
		76AAA43B1D1811B000C54FCB /* AppDelegate.cpp in Sources */ = {isa = PBXBuildFile; fileRef = 76AAA3B31D180F7C00C54FCB /* AppDelegate.cpp */; };
		76AAA43C1D1811B000C54FCB /* AppDelegate.h in Sources */ = {isa = PBXBuildFile; fileRef = 76AAA3B41D180F7C00C54FCB /* AppDelegate.h */; };
		76AAA43D1D1811B000C54FCB /* AppMacros.h in Sources */ = {isa = PBXBuildFile; fileRef = 76AAA3B51D180F7C00C54FCB /* AppMacros.h */; };
		76AAA43E1D1811B000C54FCB /* BatchingExample.cpp in Sources */ = {isa = PBXBuildFile; fileRef = 76AAA3B61D180F7C00C54FCB /* BatchingExample.cpp */; };
		76AAA43F1D1811B000C54FCB /* BatchingExample.h in Sources */ = {isa = PBXBuildFile; fileRef = 76AAA3B71D180F7C00C54FCB /* BatchingExample.h */; };
		76AAA4401D1811B000C54FCB /* GoblinsExample.cpp in Sources */ = {isa = PBXBuildFile; fileRef = 76AAA3B81D180F7C00C54FCB /* GoblinsExample.cpp */; };
		76AAA4411D1811B000C54FCB /* GoblinsExample.h in Sources */ = {isa = PBXBuildFile; fileRef = 76AAA3B91D180F7C00C54FCB /* GoblinsExample.h */; };
		76AAA4421D1811B000C54FCB /* RaptorExample.cpp in Sources */ = {isa = PBXBuildFile; fileRef = 76AAA3BA1D180F7C00C54FCB /* RaptorExample.cpp */; };
		76AAA4431D1811B000C54FCB /* RaptorExample.h in Sources */ = {isa = PBXBuildFile; fileRef = 76AAA3BB1D180F7C00C54FCB /* RaptorExample.h */; };
		76AAA4441D1811B000C54FCB /* SimpleCommand.cpp in Sources */ = {isa = PBXBuildFile; fileRef = 76AAA3BC1D180F7C00C54FCB /* SimpleCommand.cpp */; };
		76AAA4451D1811B000C54FCB /* SimpleCommand.h in Sources */ = {isa = PBXBuildFile; fileRef = 76AAA3BD1D180F7C00C54FCB /* SimpleCommand.h */; };
		76AAA4461D1811B000C54FCB /* SpineboyExample.cpp in Sources */ = {isa = PBXBuildFile; fileRef = 76AAA3BE1D180F7C00C54FCB /* SpineboyExample.cpp */; };
		76AAA4471D1811B000C54FCB /* SpineboyExample.h in Sources */ = {isa = PBXBuildFile; fileRef = 76AAA3BF1D180F7C00C54FCB /* SpineboyExample.h */; };
		76AAA4571D18132D00C54FCB /* common in Resources */ = {isa = PBXBuildFile; fileRef = 76AAA4521D18132D00C54FCB /* common */; };
		76AAA4581D18132D00C54FCB /* common in Resources */ = {isa = PBXBuildFile; fileRef = 76AAA4521D18132D00C54FCB /* common */; };
		76D520DA1EB3611300572471 /* ClippingAttachment.c in Sources */ = {isa = PBXBuildFile; fileRef = 76D520D71EB3611300572471 /* ClippingAttachment.c */; };
		76D520DB1EB3611300572471 /* SkeletonClipping.c in Sources */ = {isa = PBXBuildFile; fileRef = 76D520D81EB3611300572471 /* SkeletonClipping.c */; };
		76D520DC1EB3611300572471 /* Triangulator.c in Sources */ = {isa = PBXBuildFile; fileRef = 76D520D91EB3611300572471 /* Triangulator.c */; };
		76D520DE1EB3619800572471 /* ClippingAttachment.c in Sources */ = {isa = PBXBuildFile; fileRef = 76D520D71EB3611300572471 /* ClippingAttachment.c */; };
		76D520DF1EB3619800572471 /* SkeletonClipping.c in Sources */ = {isa = PBXBuildFile; fileRef = 76D520D81EB3611300572471 /* SkeletonClipping.c */; };
		76D520E01EB3619800572471 /* Triangulator.c in Sources */ = {isa = PBXBuildFile; fileRef = 76D520D91EB3611300572471 /* Triangulator.c */; };
		76D520E21EB3625700572471 /* Array.c in Sources */ = {isa = PBXBuildFile; fileRef = 76D520E11EB3625700572471 /* Array.c */; };
		76D520E31EB3625B00572471 /* Array.c in Sources */ = {isa = PBXBuildFile; fileRef = 76D520E11EB3625700572471 /* Array.c */; };
		76D520E61EB362DD00572471 /* CoinExample.cpp in Sources */ = {isa = PBXBuildFile; fileRef = 76D520E41EB362DD00572471 /* CoinExample.cpp */; };
		76D520E71EB3634600572471 /* CoinExample.cpp in Sources */ = {isa = PBXBuildFile; fileRef = 76D520E41EB362DD00572471 /* CoinExample.cpp */; };
		76F28CB11DEC7EBB00CDE54D /* Animation.c in Sources */ = {isa = PBXBuildFile; fileRef = 76F28C8F1DEC7EBA00CDE54D /* Animation.c */; };
		76F28CB21DEC7EBB00CDE54D /* AnimationState.c in Sources */ = {isa = PBXBuildFile; fileRef = 76F28C901DEC7EBA00CDE54D /* AnimationState.c */; };
		76F28CB31DEC7EBB00CDE54D /* AnimationStateData.c in Sources */ = {isa = PBXBuildFile; fileRef = 76F28C911DEC7EBA00CDE54D /* AnimationStateData.c */; };
		76F28CB41DEC7EBB00CDE54D /* Atlas.c in Sources */ = {isa = PBXBuildFile; fileRef = 76F28C921DEC7EBA00CDE54D /* Atlas.c */; };
		76F28CB51DEC7EBB00CDE54D /* AtlasAttachmentLoader.c in Sources */ = {isa = PBXBuildFile; fileRef = 76F28C931DEC7EBA00CDE54D /* AtlasAttachmentLoader.c */; };
		76F28CB61DEC7EBB00CDE54D /* Attachment.c in Sources */ = {isa = PBXBuildFile; fileRef = 76F28C941DEC7EBA00CDE54D /* Attachment.c */; };
		76F28CB71DEC7EBB00CDE54D /* AttachmentLoader.c in Sources */ = {isa = PBXBuildFile; fileRef = 76F28C951DEC7EBA00CDE54D /* AttachmentLoader.c */; };
		76F28CB81DEC7EBB00CDE54D /* Bone.c in Sources */ = {isa = PBXBuildFile; fileRef = 76F28C961DEC7EBA00CDE54D /* Bone.c */; };
		76F28CB91DEC7EBB00CDE54D /* BoneData.c in Sources */ = {isa = PBXBuildFile; fileRef = 76F28C971DEC7EBA00CDE54D /* BoneData.c */; };
		76F28CBA1DEC7EBB00CDE54D /* BoundingBoxAttachment.c in Sources */ = {isa = PBXBuildFile; fileRef = 76F28C981DEC7EBA00CDE54D /* BoundingBoxAttachment.c */; };
		76F28CBB1DEC7EBB00CDE54D /* Event.c in Sources */ = {isa = PBXBuildFile; fileRef = 76F28C991DEC7EBA00CDE54D /* Event.c */; };
		76F28CBC1DEC7EBB00CDE54D /* EventData.c in Sources */ = {isa = PBXBuildFile; fileRef = 76F28C9A1DEC7EBA00CDE54D /* EventData.c */; };
		76F28CBD1DEC7EBB00CDE54D /* extension.c in Sources */ = {isa = PBXBuildFile; fileRef = 76F28C9B1DEC7EBA00CDE54D /* extension.c */; };
		76F28CBE1DEC7EBB00CDE54D /* IkConstraint.c in Sources */ = {isa = PBXBuildFile; fileRef = 76F28C9C1DEC7EBA00CDE54D /* IkConstraint.c */; };
		76F28CBF1DEC7EBB00CDE54D /* IkConstraintData.c in Sources */ = {isa = PBXBuildFile; fileRef = 76F28C9D1DEC7EBA00CDE54D /* IkConstraintData.c */; };
		76F28CC01DEC7EBB00CDE54D /* Json.c in Sources */ = {isa = PBXBuildFile; fileRef = 76F28C9E1DEC7EBA00CDE54D /* Json.c */; };
		76F28CC11DEC7EBB00CDE54D /* MeshAttachment.c in Sources */ = {isa = PBXBuildFile; fileRef = 76F28CA11DEC7EBB00CDE54D /* MeshAttachment.c */; };
		76F28CC21DEC7EBB00CDE54D /* PathAttachment.c in Sources */ = {isa = PBXBuildFile; fileRef = 76F28CA21DEC7EBB00CDE54D /* PathAttachment.c */; };
		76F28CC31DEC7EBB00CDE54D /* PathConstraint.c in Sources */ = {isa = PBXBuildFile; fileRef = 76F28CA31DEC7EBB00CDE54D /* PathConstraint.c */; };
		76F28CC41DEC7EBB00CDE54D /* PathConstraintData.c in Sources */ = {isa = PBXBuildFile; fileRef = 76F28CA41DEC7EBB00CDE54D /* PathConstraintData.c */; };
		76F28CC51DEC7EBB00CDE54D /* RegionAttachment.c in Sources */ = {isa = PBXBuildFile; fileRef = 76F28CA51DEC7EBB00CDE54D /* RegionAttachment.c */; };
		76F28CC61DEC7EBB00CDE54D /* Skeleton.c in Sources */ = {isa = PBXBuildFile; fileRef = 76F28CA61DEC7EBB00CDE54D /* Skeleton.c */; };
		76F28CC71DEC7EBB00CDE54D /* SkeletonBinary.c in Sources */ = {isa = PBXBuildFile; fileRef = 76F28CA71DEC7EBB00CDE54D /* SkeletonBinary.c */; };
		76F28CC81DEC7EBB00CDE54D /* SkeletonBounds.c in Sources */ = {isa = PBXBuildFile; fileRef = 76F28CA81DEC7EBB00CDE54D /* SkeletonBounds.c */; };
		76F28CC91DEC7EBB00CDE54D /* SkeletonData.c in Sources */ = {isa = PBXBuildFile; fileRef = 76F28CA91DEC7EBB00CDE54D /* SkeletonData.c */; };
		76F28CCA1DEC7EBB00CDE54D /* SkeletonJson.c in Sources */ = {isa = PBXBuildFile; fileRef = 76F28CAA1DEC7EBB00CDE54D /* SkeletonJson.c */; };
		76F28CCB1DEC7EBB00CDE54D /* Skin.c in Sources */ = {isa = PBXBuildFile; fileRef = 76F28CAB1DEC7EBB00CDE54D /* Skin.c */; };
		76F28CCC1DEC7EBB00CDE54D /* Slot.c in Sources */ = {isa = PBXBuildFile; fileRef = 76F28CAC1DEC7EBB00CDE54D /* Slot.c */; };
		76F28CCD1DEC7EBB00CDE54D /* SlotData.c in Sources */ = {isa = PBXBuildFile; fileRef = 76F28CAD1DEC7EBB00CDE54D /* SlotData.c */; };
		76F28CCE1DEC7EBB00CDE54D /* TransformConstraint.c in Sources */ = {isa = PBXBuildFile; fileRef = 76F28CAE1DEC7EBB00CDE54D /* TransformConstraint.c */; };
		76F28CCF1DEC7EBB00CDE54D /* TransformConstraintData.c in Sources */ = {isa = PBXBuildFile; fileRef = 76F28CAF1DEC7EBB00CDE54D /* TransformConstraintData.c */; };
		76F28CD01DEC7EBB00CDE54D /* VertexAttachment.c in Sources */ = {isa = PBXBuildFile; fileRef = 76F28CB01DEC7EBB00CDE54D /* VertexAttachment.c */; };
		76F28CD11DEC7FFA00CDE54D /* Animation.c in Sources */ = {isa = PBXBuildFile; fileRef = 76F28C8F1DEC7EBA00CDE54D /* Animation.c */; };
		76F28CD21DEC7FFA00CDE54D /* AnimationState.c in Sources */ = {isa = PBXBuildFile; fileRef = 76F28C901DEC7EBA00CDE54D /* AnimationState.c */; };
		76F28CD31DEC7FFA00CDE54D /* AnimationStateData.c in Sources */ = {isa = PBXBuildFile; fileRef = 76F28C911DEC7EBA00CDE54D /* AnimationStateData.c */; };
		76F28CD41DEC7FFA00CDE54D /* Atlas.c in Sources */ = {isa = PBXBuildFile; fileRef = 76F28C921DEC7EBA00CDE54D /* Atlas.c */; };
		76F28CD51DEC7FFA00CDE54D /* AtlasAttachmentLoader.c in Sources */ = {isa = PBXBuildFile; fileRef = 76F28C931DEC7EBA00CDE54D /* AtlasAttachmentLoader.c */; };
		76F28CD61DEC7FFA00CDE54D /* Attachment.c in Sources */ = {isa = PBXBuildFile; fileRef = 76F28C941DEC7EBA00CDE54D /* Attachment.c */; };
		76F28CD71DEC7FFA00CDE54D /* AttachmentLoader.c in Sources */ = {isa = PBXBuildFile; fileRef = 76F28C951DEC7EBA00CDE54D /* AttachmentLoader.c */; };
		76F28CD81DEC7FFA00CDE54D /* Bone.c in Sources */ = {isa = PBXBuildFile; fileRef = 76F28C961DEC7EBA00CDE54D /* Bone.c */; };
		76F28CD91DEC7FFA00CDE54D /* BoneData.c in Sources */ = {isa = PBXBuildFile; fileRef = 76F28C971DEC7EBA00CDE54D /* BoneData.c */; };
		76F28CDA1DEC7FFA00CDE54D /* BoundingBoxAttachment.c in Sources */ = {isa = PBXBuildFile; fileRef = 76F28C981DEC7EBA00CDE54D /* BoundingBoxAttachment.c */; };
		76F28CDB1DEC7FFA00CDE54D /* Event.c in Sources */ = {isa = PBXBuildFile; fileRef = 76F28C991DEC7EBA00CDE54D /* Event.c */; };
		76F28CDC1DEC7FFA00CDE54D /* EventData.c in Sources */ = {isa = PBXBuildFile; fileRef = 76F28C9A1DEC7EBA00CDE54D /* EventData.c */; };
		76F28CDD1DEC7FFA00CDE54D /* extension.c in Sources */ = {isa = PBXBuildFile; fileRef = 76F28C9B1DEC7EBA00CDE54D /* extension.c */; };
		76F28CDE1DEC7FFA00CDE54D /* IkConstraint.c in Sources */ = {isa = PBXBuildFile; fileRef = 76F28C9C1DEC7EBA00CDE54D /* IkConstraint.c */; };
		76F28CDF1DEC7FFA00CDE54D /* IkConstraintData.c in Sources */ = {isa = PBXBuildFile; fileRef = 76F28C9D1DEC7EBA00CDE54D /* IkConstraintData.c */; };
		76F28CE01DEC7FFA00CDE54D /* Json.c in Sources */ = {isa = PBXBuildFile; fileRef = 76F28C9E1DEC7EBA00CDE54D /* Json.c */; };
		76F28CE11DEC7FFA00CDE54D /* Json.h in Sources */ = {isa = PBXBuildFile; fileRef = 76F28C9F1DEC7EBA00CDE54D /* Json.h */; };
		76F28CE21DEC7FFA00CDE54D /* kvec.h in Sources */ = {isa = PBXBuildFile; fileRef = 76F28CA01DEC7EBB00CDE54D /* kvec.h */; };
		76F28CE31DEC7FFA00CDE54D /* MeshAttachment.c in Sources */ = {isa = PBXBuildFile; fileRef = 76F28CA11DEC7EBB00CDE54D /* MeshAttachment.c */; };
		76F28CE41DEC7FFA00CDE54D /* PathAttachment.c in Sources */ = {isa = PBXBuildFile; fileRef = 76F28CA21DEC7EBB00CDE54D /* PathAttachment.c */; };
		76F28CE51DEC7FFA00CDE54D /* PathConstraint.c in Sources */ = {isa = PBXBuildFile; fileRef = 76F28CA31DEC7EBB00CDE54D /* PathConstraint.c */; };
		76F28CE61DEC7FFA00CDE54D /* PathConstraintData.c in Sources */ = {isa = PBXBuildFile; fileRef = 76F28CA41DEC7EBB00CDE54D /* PathConstraintData.c */; };
		76F28CE71DEC7FFA00CDE54D /* RegionAttachment.c in Sources */ = {isa = PBXBuildFile; fileRef = 76F28CA51DEC7EBB00CDE54D /* RegionAttachment.c */; };
		76F28CE81DEC7FFA00CDE54D /* Skeleton.c in Sources */ = {isa = PBXBuildFile; fileRef = 76F28CA61DEC7EBB00CDE54D /* Skeleton.c */; };
		76F28CE91DEC7FFA00CDE54D /* SkeletonBinary.c in Sources */ = {isa = PBXBuildFile; fileRef = 76F28CA71DEC7EBB00CDE54D /* SkeletonBinary.c */; };
		76F28CEA1DEC7FFA00CDE54D /* SkeletonBounds.c in Sources */ = {isa = PBXBuildFile; fileRef = 76F28CA81DEC7EBB00CDE54D /* SkeletonBounds.c */; };
		76F28CEB1DEC7FFA00CDE54D /* SkeletonData.c in Sources */ = {isa = PBXBuildFile; fileRef = 76F28CA91DEC7EBB00CDE54D /* SkeletonData.c */; };
		76F28CEC1DEC7FFA00CDE54D /* SkeletonJson.c in Sources */ = {isa = PBXBuildFile; fileRef = 76F28CAA1DEC7EBB00CDE54D /* SkeletonJson.c */; };
		76F28CED1DEC7FFA00CDE54D /* Skin.c in Sources */ = {isa = PBXBuildFile; fileRef = 76F28CAB1DEC7EBB00CDE54D /* Skin.c */; };
		76F28CEE1DEC7FFA00CDE54D /* Slot.c in Sources */ = {isa = PBXBuildFile; fileRef = 76F28CAC1DEC7EBB00CDE54D /* Slot.c */; };
		76F28CEF1DEC7FFA00CDE54D /* SlotData.c in Sources */ = {isa = PBXBuildFile; fileRef = 76F28CAD1DEC7EBB00CDE54D /* SlotData.c */; };
		76F28CF01DEC7FFA00CDE54D /* TransformConstraint.c in Sources */ = {isa = PBXBuildFile; fileRef = 76F28CAE1DEC7EBB00CDE54D /* TransformConstraint.c */; };
		76F28CF11DEC7FFA00CDE54D /* TransformConstraintData.c in Sources */ = {isa = PBXBuildFile; fileRef = 76F28CAF1DEC7EBB00CDE54D /* TransformConstraintData.c */; };
		76F28CF21DEC7FFA00CDE54D /* VertexAttachment.c in Sources */ = {isa = PBXBuildFile; fileRef = 76F28CB01DEC7EBB00CDE54D /* VertexAttachment.c */; };
		76F5BD551D2BD7D3005917E5 /* TankExample.cpp in Sources */ = {isa = PBXBuildFile; fileRef = 76F5BD531D2BD7D3005917E5 /* TankExample.cpp */; };
		76F5BD561D2BD7EF005917E5 /* TankExample.cpp in Sources */ = {isa = PBXBuildFile; fileRef = 76F5BD531D2BD7D3005917E5 /* TankExample.cpp */; };
		76F5BD571D2BD7EF005917E5 /* TankExample.h in Sources */ = {isa = PBXBuildFile; fileRef = 76F5BD541D2BD7D3005917E5 /* TankExample.h */; };
		76FAC18C1E3F97D2001CCC8C /* Color.c in Sources */ = {isa = PBXBuildFile; fileRef = 76FAC18A1E3F97D2001CCC8C /* Color.c */; };
		76FAC18D1E3F97D2001CCC8C /* PointAttachment.c in Sources */ = {isa = PBXBuildFile; fileRef = 76FAC18B1E3F97D2001CCC8C /* PointAttachment.c */; };
		76FAC18F1E3F98A0001CCC8C /* Color.c in Sources */ = {isa = PBXBuildFile; fileRef = 76FAC18A1E3F97D2001CCC8C /* Color.c */; };
		76FAC1901E3F98A0001CCC8C /* PointAttachment.c in Sources */ = {isa = PBXBuildFile; fileRef = 76FAC18B1E3F97D2001CCC8C /* PointAttachment.c */; };
		76FB150F1F01377200C5377F /* VertexEffect.c in Sources */ = {isa = PBXBuildFile; fileRef = 76FB150E1F01377200C5377F /* VertexEffect.c */; };
		76FB15111F0139B400C5377F /* VertexEffect.c in Sources */ = {isa = PBXBuildFile; fileRef = 76FB150E1F01377200C5377F /* VertexEffect.c */; };
		8262943E1AAF051F00CB7CF7 /* Security.framework in Frameworks */ = {isa = PBXBuildFile; fileRef = 8262943D1AAF051F00CB7CF7 /* Security.framework */; };
		BF171245129291EC00B8313A /* OpenGLES.framework in Frameworks */ = {isa = PBXBuildFile; fileRef = BF170DB012928DE900B8313A /* OpenGLES.framework */; };
		BF1712471292920000B8313A /* libz.dylib in Frameworks */ = {isa = PBXBuildFile; fileRef = BF170DB412928DE900B8313A /* libz.dylib */; };
		BF1C47F01293687400B63C5D /* QuartzCore.framework in Frameworks */ = {isa = PBXBuildFile; fileRef = BF1C47EA1293683800B63C5D /* QuartzCore.framework */; };
		D44C620C132DFF330009C878 /* OpenAL.framework in Frameworks */ = {isa = PBXBuildFile; fileRef = D44C620B132DFF330009C878 /* OpenAL.framework */; };
		D44C620E132DFF430009C878 /* AVFoundation.framework in Frameworks */ = {isa = PBXBuildFile; fileRef = D44C620D132DFF430009C878 /* AVFoundation.framework */; };
		D44C6210132DFF4E0009C878 /* AudioToolbox.framework in Frameworks */ = {isa = PBXBuildFile; fileRef = D44C620F132DFF4E0009C878 /* AudioToolbox.framework */; };
		D6B0611B1803AB670077942B /* CoreMotion.framework in Frameworks */ = {isa = PBXBuildFile; fileRef = D6B0611A1803AB670077942B /* CoreMotion.framework */; };
		ED545A7C1B68A1F400C3958E /* libiconv.dylib in Frameworks */ = {isa = PBXBuildFile; fileRef = ED545A7B1B68A1F400C3958E /* libiconv.dylib */; };
		ED545A7E1B68A1FA00C3958E /* libiconv.dylib in Frameworks */ = {isa = PBXBuildFile; fileRef = ED545A7D1B68A1FA00C3958E /* libiconv.dylib */; };
/* End PBXBuildFile section */

/* Begin PBXContainerItemProxy section */
		1AC6FAF8180E9839004C840B /* PBXContainerItemProxy */ = {
			isa = PBXContainerItemProxy;
			containerPortal = 1AC6FAE5180E9839004C840B /* cocos2d_libs.xcodeproj */;
			proxyType = 2;
			remoteGlobalIDString = 1551A33F158F2AB200E66CFE;
			remoteInfo = "cocos2dx Mac";
		};
		1AC6FB06180E9839004C840B /* PBXContainerItemProxy */ = {
			isa = PBXContainerItemProxy;
			containerPortal = 1AC6FAE5180E9839004C840B /* cocos2d_libs.xcodeproj */;
			proxyType = 2;
			remoteGlobalIDString = A07A4D641783777C0073F6A7;
			remoteInfo = "cocos2dx iOS";
		};
		1AC6FB15180E9959004C840B /* PBXContainerItemProxy */ = {
			isa = PBXContainerItemProxy;
			containerPortal = 1AC6FAE5180E9839004C840B /* cocos2d_libs.xcodeproj */;
			proxyType = 1;
			remoteGlobalIDString = 1551A33E158F2AB200E66CFE;
			remoteInfo = "cocos2dx Mac";
		};
		1AC6FB24180E99E1004C840B /* PBXContainerItemProxy */ = {
			isa = PBXContainerItemProxy;
			containerPortal = 1AC6FAE5180E9839004C840B /* cocos2d_libs.xcodeproj */;
			proxyType = 1;
			remoteGlobalIDString = A07A4C241783777C0073F6A7;
			remoteInfo = "cocos2dx iOS";
		};
		76AAA3B01D180F5D00C54FCB /* PBXContainerItemProxy */ = {
			isa = PBXContainerItemProxy;
			containerPortal = 1AC6FAE5180E9839004C840B /* cocos2d_libs.xcodeproj */;
			proxyType = 2;
			remoteGlobalIDString = 507B40FD1C31BDD30067B53E;
			remoteInfo = "libcocos2d tvOS";
		};
/* End PBXContainerItemProxy section */

/* Begin PBXFileReference section */
		1AC6FAE5180E9839004C840B /* cocos2d_libs.xcodeproj */ = {isa = PBXFileReference; lastKnownFileType = "wrapper.pb-project"; name = cocos2d_libs.xcodeproj; path = ../cocos2d/build/cocos2d_libs.xcodeproj; sourceTree = "<group>"; };
		1ACB3243164770DE00914215 /* libcurl.a */ = {isa = PBXFileReference; lastKnownFileType = archive.ar; name = libcurl.a; path = ../../cocos2dx/platform/third_party/ios/libraries/libcurl.a; sourceTree = "<group>"; };
		1D30AB110D05D00D00671497 /* Foundation.framework */ = {isa = PBXFileReference; lastKnownFileType = wrapper.framework; name = Foundation.framework; path = System/Library/Frameworks/Foundation.framework; sourceTree = SDKROOT; };
		1D6058910D05DD3D006BFB54 /* spine-cocos2d-x-mobile.app */ = {isa = PBXFileReference; explicitFileType = wrapper.application; includeInIndex = 0; path = "spine-cocos2d-x-mobile.app"; sourceTree = BUILT_PRODUCTS_DIR; };
		1DF5F4DF0D08C38300B7A737 /* UIKit.framework */ = {isa = PBXFileReference; lastKnownFileType = wrapper.framework; name = UIKit.framework; path = System/Library/Frameworks/UIKit.framework; sourceTree = SDKROOT; };
		288765A40DF7441C002DB57D /* CoreGraphics.framework */ = {isa = PBXFileReference; lastKnownFileType = wrapper.framework; name = CoreGraphics.framework; path = System/Library/Frameworks/CoreGraphics.framework; sourceTree = SDKROOT; };
		503AE0F617EB97AB00D1A890 /* Icon.icns */ = {isa = PBXFileReference; lastKnownFileType = image.icns; path = Icon.icns; sourceTree = "<group>"; };
		503AE0F717EB97AB00D1A890 /* Info.plist */ = {isa = PBXFileReference; fileEncoding = 4; lastKnownFileType = text.plist.xml; path = Info.plist; sourceTree = "<group>"; };
		503AE0FA17EB989F00D1A890 /* AppController.h */ = {isa = PBXFileReference; fileEncoding = 4; lastKnownFileType = sourcecode.c.h; name = AppController.h; path = ios/AppController.h; sourceTree = SOURCE_ROOT; };
		503AE0FB17EB989F00D1A890 /* AppController.mm */ = {isa = PBXFileReference; fileEncoding = 4; lastKnownFileType = sourcecode.cpp.objcpp; name = AppController.mm; path = ios/AppController.mm; sourceTree = SOURCE_ROOT; };
		503AE0FC17EB989F00D1A890 /* main.m */ = {isa = PBXFileReference; fileEncoding = 4; lastKnownFileType = sourcecode.c.objc; name = main.m; path = ios/main.m; sourceTree = SOURCE_ROOT; };
		503AE0FD17EB989F00D1A890 /* Prefix.pch */ = {isa = PBXFileReference; fileEncoding = 4; lastKnownFileType = sourcecode.c.h; name = Prefix.pch; path = ios/Prefix.pch; sourceTree = SOURCE_ROOT; };
		503AE0FE17EB989F00D1A890 /* RootViewController.h */ = {isa = PBXFileReference; fileEncoding = 4; lastKnownFileType = sourcecode.c.h; name = RootViewController.h; path = ios/RootViewController.h; sourceTree = SOURCE_ROOT; };
		503AE0FF17EB989F00D1A890 /* RootViewController.mm */ = {isa = PBXFileReference; fileEncoding = 4; lastKnownFileType = sourcecode.cpp.objcpp; name = RootViewController.mm; path = ios/RootViewController.mm; sourceTree = SOURCE_ROOT; };
		503AE10317EB98FF00D1A890 /* main.cpp */ = {isa = PBXFileReference; fileEncoding = 4; lastKnownFileType = sourcecode.cpp.cpp; name = main.cpp; path = mac/main.cpp; sourceTree = "<group>"; };
		503AE10417EB98FF00D1A890 /* Prefix.pch */ = {isa = PBXFileReference; fileEncoding = 4; lastKnownFileType = sourcecode.c.h; name = Prefix.pch; path = mac/Prefix.pch; sourceTree = "<group>"; };
		503AE11117EB99EE00D1A890 /* libcurl.dylib */ = {isa = PBXFileReference; lastKnownFileType = "compiled.mach-o.dylib"; name = libcurl.dylib; path = usr/lib/libcurl.dylib; sourceTree = SDKROOT; };
		503AE11A17EB9C5A00D1A890 /* IOKit.framework */ = {isa = PBXFileReference; lastKnownFileType = wrapper.framework; name = IOKit.framework; path = System/Library/Frameworks/IOKit.framework; sourceTree = SDKROOT; };
		5087E76F17EB910900C73F5D /* spine-cocos2d-x-desktop.app */ = {isa = PBXFileReference; explicitFileType = wrapper.application; includeInIndex = 0; path = "spine-cocos2d-x-desktop.app"; sourceTree = BUILT_PRODUCTS_DIR; };
		5087E77217EB970100C73F5D /* Default-568h@2x.png */ = {isa = PBXFileReference; lastKnownFileType = image.png; path = "Default-568h@2x.png"; sourceTree = "<group>"; };
		5087E77317EB970100C73F5D /* Default.png */ = {isa = PBXFileReference; lastKnownFileType = image.png; path = Default.png; sourceTree = "<group>"; };
		5087E77417EB970100C73F5D /* Default@2x.png */ = {isa = PBXFileReference; lastKnownFileType = image.png; path = "Default@2x.png"; sourceTree = "<group>"; };
		5087E77517EB970100C73F5D /* Icon-114.png */ = {isa = PBXFileReference; lastKnownFileType = image.png; path = "Icon-114.png"; sourceTree = "<group>"; };
		5087E77617EB970100C73F5D /* Icon-120.png */ = {isa = PBXFileReference; lastKnownFileType = image.png; path = "Icon-120.png"; sourceTree = "<group>"; };
		5087E77717EB970100C73F5D /* Icon-144.png */ = {isa = PBXFileReference; lastKnownFileType = image.png; path = "Icon-144.png"; sourceTree = "<group>"; };
		5087E77817EB970100C73F5D /* Icon-152.png */ = {isa = PBXFileReference; lastKnownFileType = image.png; path = "Icon-152.png"; sourceTree = "<group>"; };
		5087E77917EB970100C73F5D /* Icon-57.png */ = {isa = PBXFileReference; lastKnownFileType = image.png; path = "Icon-57.png"; sourceTree = "<group>"; };
		5087E77A17EB970100C73F5D /* Icon-72.png */ = {isa = PBXFileReference; lastKnownFileType = image.png; path = "Icon-72.png"; sourceTree = "<group>"; };
		5087E77B17EB970100C73F5D /* Icon-76.png */ = {isa = PBXFileReference; lastKnownFileType = image.png; path = "Icon-76.png"; sourceTree = "<group>"; };
		5087E77C17EB970100C73F5D /* Info.plist */ = {isa = PBXFileReference; fileEncoding = 4; lastKnownFileType = text.plist.xml; path = Info.plist; sourceTree = "<group>"; };
		5087E78817EB974C00C73F5D /* AppKit.framework */ = {isa = PBXFileReference; lastKnownFileType = wrapper.framework; name = AppKit.framework; path = System/Library/Frameworks/AppKit.framework; sourceTree = SDKROOT; };
		5087E78A17EB975400C73F5D /* OpenGL.framework */ = {isa = PBXFileReference; lastKnownFileType = wrapper.framework; name = OpenGL.framework; path = System/Library/Frameworks/OpenGL.framework; sourceTree = SDKROOT; };
		50EF629217ECD46A001EB2F8 /* Icon-40.png */ = {isa = PBXFileReference; lastKnownFileType = image.png; path = "Icon-40.png"; sourceTree = "<group>"; };
		50EF629317ECD46A001EB2F8 /* Icon-58.png */ = {isa = PBXFileReference; lastKnownFileType = image.png; path = "Icon-58.png"; sourceTree = "<group>"; };
		50EF629417ECD46A001EB2F8 /* Icon-80.png */ = {isa = PBXFileReference; lastKnownFileType = image.png; path = "Icon-80.png"; sourceTree = "<group>"; };
		50EF629517ECD46A001EB2F8 /* Icon-100.png */ = {isa = PBXFileReference; lastKnownFileType = image.png; path = "Icon-100.png"; sourceTree = "<group>"; };
		50EF62A017ECD613001EB2F8 /* Icon-29.png */ = {isa = PBXFileReference; lastKnownFileType = image.png; path = "Icon-29.png"; sourceTree = "<group>"; };
		50EF62A117ECD613001EB2F8 /* Icon-50.png */ = {isa = PBXFileReference; lastKnownFileType = image.png; path = "Icon-50.png"; sourceTree = "<group>"; };
		521A8E6219F0C34300D177D7 /* Default-667h@2x.png */ = {isa = PBXFileReference; lastKnownFileType = image.png; path = "Default-667h@2x.png"; sourceTree = "<group>"; };
		521A8E6319F0C34300D177D7 /* Default-736h@3x.png */ = {isa = PBXFileReference; lastKnownFileType = image.png; path = "Default-736h@3x.png"; sourceTree = "<group>"; };
		52B47A461A53D09B004E4C60 /* Security.framework */ = {isa = PBXFileReference; lastKnownFileType = wrapper.framework; name = Security.framework; path = Platforms/iPhoneOS.platform/Developer/SDKs/iPhoneOS8.1.sdk/System/Library/Frameworks/Security.framework; sourceTree = DEVELOPER_DIR; };
		7602C5541D7DAA1300C7C674 /* CoreText.framework */ = {isa = PBXFileReference; lastKnownFileType = wrapper.framework; name = CoreText.framework; path = Platforms/iPhoneOS.platform/Developer/SDKs/iPhoneOS9.3.sdk/System/Library/Frameworks/CoreText.framework; sourceTree = DEVELOPER_DIR; };
		76A45BDC1E64396800745AA1 /* SkeletonTwoColorBatch.cpp */ = {isa = PBXFileReference; fileEncoding = 4; lastKnownFileType = sourcecode.cpp.cpp; name = SkeletonTwoColorBatch.cpp; path = ../../src/spine/SkeletonTwoColorBatch.cpp; sourceTree = "<group>"; };
		76A45BDD1E64396800745AA1 /* SkeletonTwoColorBatch.h */ = {isa = PBXFileReference; fileEncoding = 4; lastKnownFileType = sourcecode.c.h; name = SkeletonTwoColorBatch.h; path = ../../src/spine/SkeletonTwoColorBatch.h; sourceTree = "<group>"; };
		76AAA3B31D180F7C00C54FCB /* AppDelegate.cpp */ = {isa = PBXFileReference; fileEncoding = 4; lastKnownFileType = sourcecode.cpp.cpp; path = AppDelegate.cpp; sourceTree = "<group>"; };
		76AAA3B41D180F7C00C54FCB /* AppDelegate.h */ = {isa = PBXFileReference; fileEncoding = 4; lastKnownFileType = sourcecode.c.h; path = AppDelegate.h; sourceTree = "<group>"; };
		76AAA3B51D180F7C00C54FCB /* AppMacros.h */ = {isa = PBXFileReference; fileEncoding = 4; lastKnownFileType = sourcecode.c.h; path = AppMacros.h; sourceTree = "<group>"; };
		76AAA3B61D180F7C00C54FCB /* BatchingExample.cpp */ = {isa = PBXFileReference; fileEncoding = 4; lastKnownFileType = sourcecode.cpp.cpp; path = BatchingExample.cpp; sourceTree = "<group>"; };
		76AAA3B71D180F7C00C54FCB /* BatchingExample.h */ = {isa = PBXFileReference; fileEncoding = 4; lastKnownFileType = sourcecode.c.h; path = BatchingExample.h; sourceTree = "<group>"; };
		76AAA3B81D180F7C00C54FCB /* GoblinsExample.cpp */ = {isa = PBXFileReference; fileEncoding = 4; lastKnownFileType = sourcecode.cpp.cpp; path = GoblinsExample.cpp; sourceTree = "<group>"; };
		76AAA3B91D180F7C00C54FCB /* GoblinsExample.h */ = {isa = PBXFileReference; fileEncoding = 4; lastKnownFileType = sourcecode.c.h; path = GoblinsExample.h; sourceTree = "<group>"; };
		76AAA3BA1D180F7C00C54FCB /* RaptorExample.cpp */ = {isa = PBXFileReference; fileEncoding = 4; lastKnownFileType = sourcecode.cpp.cpp; path = RaptorExample.cpp; sourceTree = "<group>"; };
		76AAA3BB1D180F7C00C54FCB /* RaptorExample.h */ = {isa = PBXFileReference; fileEncoding = 4; lastKnownFileType = sourcecode.c.h; path = RaptorExample.h; sourceTree = "<group>"; };
		76AAA3BC1D180F7C00C54FCB /* SimpleCommand.cpp */ = {isa = PBXFileReference; fileEncoding = 4; lastKnownFileType = sourcecode.cpp.cpp; path = SimpleCommand.cpp; sourceTree = "<group>"; };
		76AAA3BD1D180F7C00C54FCB /* SimpleCommand.h */ = {isa = PBXFileReference; fileEncoding = 4; lastKnownFileType = sourcecode.c.h; path = SimpleCommand.h; sourceTree = "<group>"; };
		76AAA3BE1D180F7C00C54FCB /* SpineboyExample.cpp */ = {isa = PBXFileReference; fileEncoding = 4; lastKnownFileType = sourcecode.cpp.cpp; path = SpineboyExample.cpp; sourceTree = "<group>"; };
		76AAA3BF1D180F7C00C54FCB /* SpineboyExample.h */ = {isa = PBXFileReference; fileEncoding = 4; lastKnownFileType = sourcecode.c.h; path = SpineboyExample.h; sourceTree = "<group>"; };
		76AAA4001D18106000C54FCB /* AttachmentVertices.cpp */ = {isa = PBXFileReference; fileEncoding = 4; lastKnownFileType = sourcecode.cpp.cpp; name = AttachmentVertices.cpp; path = ../../src/spine/AttachmentVertices.cpp; sourceTree = "<group>"; };
		76AAA4011D18106000C54FCB /* AttachmentVertices.h */ = {isa = PBXFileReference; fileEncoding = 4; lastKnownFileType = sourcecode.c.h; name = AttachmentVertices.h; path = ../../src/spine/AttachmentVertices.h; sourceTree = "<group>"; };
		76AAA4021D18106000C54FCB /* Cocos2dAttachmentLoader.cpp */ = {isa = PBXFileReference; fileEncoding = 4; lastKnownFileType = sourcecode.cpp.cpp; name = Cocos2dAttachmentLoader.cpp; path = ../../src/spine/Cocos2dAttachmentLoader.cpp; sourceTree = "<group>"; };
		76AAA4031D18106000C54FCB /* Cocos2dAttachmentLoader.h */ = {isa = PBXFileReference; fileEncoding = 4; lastKnownFileType = sourcecode.c.h; name = Cocos2dAttachmentLoader.h; path = ../../src/spine/Cocos2dAttachmentLoader.h; sourceTree = "<group>"; };
		76AAA4041D18106000C54FCB /* SkeletonAnimation.cpp */ = {isa = PBXFileReference; fileEncoding = 4; lastKnownFileType = sourcecode.cpp.cpp; name = SkeletonAnimation.cpp; path = ../../src/spine/SkeletonAnimation.cpp; sourceTree = "<group>"; };
		76AAA4051D18106000C54FCB /* SkeletonAnimation.h */ = {isa = PBXFileReference; fileEncoding = 4; lastKnownFileType = sourcecode.c.h; name = SkeletonAnimation.h; path = ../../src/spine/SkeletonAnimation.h; sourceTree = "<group>"; };
		76AAA4061D18106000C54FCB /* SkeletonBatch.cpp */ = {isa = PBXFileReference; fileEncoding = 4; lastKnownFileType = sourcecode.cpp.cpp; name = SkeletonBatch.cpp; path = ../../src/spine/SkeletonBatch.cpp; sourceTree = "<group>"; };
		76AAA4071D18106000C54FCB /* SkeletonBatch.h */ = {isa = PBXFileReference; fileEncoding = 4; lastKnownFileType = sourcecode.c.h; name = SkeletonBatch.h; path = ../../src/spine/SkeletonBatch.h; sourceTree = "<group>"; };
		76AAA4081D18106000C54FCB /* SkeletonRenderer.cpp */ = {isa = PBXFileReference; fileEncoding = 4; lastKnownFileType = sourcecode.cpp.cpp; name = SkeletonRenderer.cpp; path = ../../src/spine/SkeletonRenderer.cpp; sourceTree = "<group>"; };
		76AAA4091D18106000C54FCB /* SkeletonRenderer.h */ = {isa = PBXFileReference; fileEncoding = 4; lastKnownFileType = sourcecode.c.h; name = SkeletonRenderer.h; path = ../../src/spine/SkeletonRenderer.h; sourceTree = "<group>"; };
		76AAA40A1D18106000C54FCB /* spine-cocos2dx.cpp */ = {isa = PBXFileReference; fileEncoding = 4; lastKnownFileType = sourcecode.cpp.cpp; name = "spine-cocos2dx.cpp"; path = "../../src/spine/spine-cocos2dx.cpp"; sourceTree = "<group>"; };
		76AAA40B1D18106000C54FCB /* spine-cocos2dx.h */ = {isa = PBXFileReference; fileEncoding = 4; lastKnownFileType = sourcecode.c.h; name = "spine-cocos2dx.h"; path = "../../src/spine/spine-cocos2dx.h"; sourceTree = "<group>"; };
		76AAA4521D18132D00C54FCB /* common */ = {isa = PBXFileReference; lastKnownFileType = folder; path = common; sourceTree = "<group>"; };
		76D520D71EB3611300572471 /* ClippingAttachment.c */ = {isa = PBXFileReference; fileEncoding = 4; lastKnownFileType = sourcecode.c.c; name = ClippingAttachment.c; path = "../../../spine-c/spine-c/src/spine/ClippingAttachment.c"; sourceTree = "<group>"; };
		76D520D81EB3611300572471 /* SkeletonClipping.c */ = {isa = PBXFileReference; fileEncoding = 4; lastKnownFileType = sourcecode.c.c; name = SkeletonClipping.c; path = "../../../spine-c/spine-c/src/spine/SkeletonClipping.c"; sourceTree = "<group>"; };
		76D520D91EB3611300572471 /* Triangulator.c */ = {isa = PBXFileReference; fileEncoding = 4; lastKnownFileType = sourcecode.c.c; name = Triangulator.c; path = "../../../spine-c/spine-c/src/spine/Triangulator.c"; sourceTree = "<group>"; };
		76D520E11EB3625700572471 /* Array.c */ = {isa = PBXFileReference; fileEncoding = 4; lastKnownFileType = sourcecode.c.c; name = Array.c; path = "../../../spine-c/spine-c/src/spine/Array.c"; sourceTree = "<group>"; };
		76D520E41EB362DD00572471 /* CoinExample.cpp */ = {isa = PBXFileReference; fileEncoding = 4; lastKnownFileType = sourcecode.cpp.cpp; path = CoinExample.cpp; sourceTree = "<group>"; };
		76D520E51EB362DD00572471 /* CoinExample.h */ = {isa = PBXFileReference; fileEncoding = 4; lastKnownFileType = sourcecode.c.h; path = CoinExample.h; sourceTree = "<group>"; };
		76F28C8F1DEC7EBA00CDE54D /* Animation.c */ = {isa = PBXFileReference; fileEncoding = 4; lastKnownFileType = sourcecode.c.c; name = Animation.c; path = "../../../spine-c/spine-c/src/spine/Animation.c"; sourceTree = "<group>"; };
		76F28C901DEC7EBA00CDE54D /* AnimationState.c */ = {isa = PBXFileReference; fileEncoding = 4; lastKnownFileType = sourcecode.c.c; name = AnimationState.c; path = "../../../spine-c/spine-c/src/spine/AnimationState.c"; sourceTree = "<group>"; };
		76F28C911DEC7EBA00CDE54D /* AnimationStateData.c */ = {isa = PBXFileReference; fileEncoding = 4; lastKnownFileType = sourcecode.c.c; name = AnimationStateData.c; path = "../../../spine-c/spine-c/src/spine/AnimationStateData.c"; sourceTree = "<group>"; };
		76F28C921DEC7EBA00CDE54D /* Atlas.c */ = {isa = PBXFileReference; fileEncoding = 4; lastKnownFileType = sourcecode.c.c; name = Atlas.c; path = "../../../spine-c/spine-c/src/spine/Atlas.c"; sourceTree = "<group>"; };
		76F28C931DEC7EBA00CDE54D /* AtlasAttachmentLoader.c */ = {isa = PBXFileReference; fileEncoding = 4; lastKnownFileType = sourcecode.c.c; name = AtlasAttachmentLoader.c; path = "../../../spine-c/spine-c/src/spine/AtlasAttachmentLoader.c"; sourceTree = "<group>"; };
		76F28C941DEC7EBA00CDE54D /* Attachment.c */ = {isa = PBXFileReference; fileEncoding = 4; lastKnownFileType = sourcecode.c.c; name = Attachment.c; path = "../../../spine-c/spine-c/src/spine/Attachment.c"; sourceTree = "<group>"; };
		76F28C951DEC7EBA00CDE54D /* AttachmentLoader.c */ = {isa = PBXFileReference; fileEncoding = 4; lastKnownFileType = sourcecode.c.c; name = AttachmentLoader.c; path = "../../../spine-c/spine-c/src/spine/AttachmentLoader.c"; sourceTree = "<group>"; };
		76F28C961DEC7EBA00CDE54D /* Bone.c */ = {isa = PBXFileReference; fileEncoding = 4; lastKnownFileType = sourcecode.c.c; name = Bone.c; path = "../../../spine-c/spine-c/src/spine/Bone.c"; sourceTree = "<group>"; };
		76F28C971DEC7EBA00CDE54D /* BoneData.c */ = {isa = PBXFileReference; fileEncoding = 4; lastKnownFileType = sourcecode.c.c; name = BoneData.c; path = "../../../spine-c/spine-c/src/spine/BoneData.c"; sourceTree = "<group>"; };
		76F28C981DEC7EBA00CDE54D /* BoundingBoxAttachment.c */ = {isa = PBXFileReference; fileEncoding = 4; lastKnownFileType = sourcecode.c.c; name = BoundingBoxAttachment.c; path = "../../../spine-c/spine-c/src/spine/BoundingBoxAttachment.c"; sourceTree = "<group>"; };
		76F28C991DEC7EBA00CDE54D /* Event.c */ = {isa = PBXFileReference; fileEncoding = 4; lastKnownFileType = sourcecode.c.c; name = Event.c; path = "../../../spine-c/spine-c/src/spine/Event.c"; sourceTree = "<group>"; };
		76F28C9A1DEC7EBA00CDE54D /* EventData.c */ = {isa = PBXFileReference; fileEncoding = 4; lastKnownFileType = sourcecode.c.c; name = EventData.c; path = "../../../spine-c/spine-c/src/spine/EventData.c"; sourceTree = "<group>"; };
		76F28C9B1DEC7EBA00CDE54D /* extension.c */ = {isa = PBXFileReference; fileEncoding = 4; lastKnownFileType = sourcecode.c.c; name = extension.c; path = "../../../spine-c/spine-c/src/spine/extension.c"; sourceTree = "<group>"; };
		76F28C9C1DEC7EBA00CDE54D /* IkConstraint.c */ = {isa = PBXFileReference; fileEncoding = 4; lastKnownFileType = sourcecode.c.c; name = IkConstraint.c; path = "../../../spine-c/spine-c/src/spine/IkConstraint.c"; sourceTree = "<group>"; };
		76F28C9D1DEC7EBA00CDE54D /* IkConstraintData.c */ = {isa = PBXFileReference; fileEncoding = 4; lastKnownFileType = sourcecode.c.c; name = IkConstraintData.c; path = "../../../spine-c/spine-c/src/spine/IkConstraintData.c"; sourceTree = "<group>"; };
		76F28C9E1DEC7EBA00CDE54D /* Json.c */ = {isa = PBXFileReference; fileEncoding = 4; lastKnownFileType = sourcecode.c.c; name = Json.c; path = "../../../spine-c/spine-c/src/spine/Json.c"; sourceTree = "<group>"; };
		76F28C9F1DEC7EBA00CDE54D /* Json.h */ = {isa = PBXFileReference; fileEncoding = 4; lastKnownFileType = sourcecode.c.h; name = Json.h; path = "../../../spine-c/spine-c/src/spine/Json.h"; sourceTree = "<group>"; };
		76F28CA01DEC7EBB00CDE54D /* kvec.h */ = {isa = PBXFileReference; fileEncoding = 4; lastKnownFileType = sourcecode.c.h; name = kvec.h; path = "../../../spine-c/spine-c/src/spine/kvec.h"; sourceTree = "<group>"; };
		76F28CA11DEC7EBB00CDE54D /* MeshAttachment.c */ = {isa = PBXFileReference; fileEncoding = 4; lastKnownFileType = sourcecode.c.c; name = MeshAttachment.c; path = "../../../spine-c/spine-c/src/spine/MeshAttachment.c"; sourceTree = "<group>"; };
		76F28CA21DEC7EBB00CDE54D /* PathAttachment.c */ = {isa = PBXFileReference; fileEncoding = 4; lastKnownFileType = sourcecode.c.c; name = PathAttachment.c; path = "../../../spine-c/spine-c/src/spine/PathAttachment.c"; sourceTree = "<group>"; };
		76F28CA31DEC7EBB00CDE54D /* PathConstraint.c */ = {isa = PBXFileReference; fileEncoding = 4; lastKnownFileType = sourcecode.c.c; name = PathConstraint.c; path = "../../../spine-c/spine-c/src/spine/PathConstraint.c"; sourceTree = "<group>"; };
		76F28CA41DEC7EBB00CDE54D /* PathConstraintData.c */ = {isa = PBXFileReference; fileEncoding = 4; lastKnownFileType = sourcecode.c.c; name = PathConstraintData.c; path = "../../../spine-c/spine-c/src/spine/PathConstraintData.c"; sourceTree = "<group>"; };
		76F28CA51DEC7EBB00CDE54D /* RegionAttachment.c */ = {isa = PBXFileReference; fileEncoding = 4; lastKnownFileType = sourcecode.c.c; name = RegionAttachment.c; path = "../../../spine-c/spine-c/src/spine/RegionAttachment.c"; sourceTree = "<group>"; };
		76F28CA61DEC7EBB00CDE54D /* Skeleton.c */ = {isa = PBXFileReference; fileEncoding = 4; lastKnownFileType = sourcecode.c.c; name = Skeleton.c; path = "../../../spine-c/spine-c/src/spine/Skeleton.c"; sourceTree = "<group>"; };
		76F28CA71DEC7EBB00CDE54D /* SkeletonBinary.c */ = {isa = PBXFileReference; fileEncoding = 4; lastKnownFileType = sourcecode.c.c; name = SkeletonBinary.c; path = "../../../spine-c/spine-c/src/spine/SkeletonBinary.c"; sourceTree = "<group>"; };
		76F28CA81DEC7EBB00CDE54D /* SkeletonBounds.c */ = {isa = PBXFileReference; fileEncoding = 4; lastKnownFileType = sourcecode.c.c; name = SkeletonBounds.c; path = "../../../spine-c/spine-c/src/spine/SkeletonBounds.c"; sourceTree = "<group>"; };
		76F28CA91DEC7EBB00CDE54D /* SkeletonData.c */ = {isa = PBXFileReference; fileEncoding = 4; lastKnownFileType = sourcecode.c.c; name = SkeletonData.c; path = "../../../spine-c/spine-c/src/spine/SkeletonData.c"; sourceTree = "<group>"; };
		76F28CAA1DEC7EBB00CDE54D /* SkeletonJson.c */ = {isa = PBXFileReference; fileEncoding = 4; lastKnownFileType = sourcecode.c.c; name = SkeletonJson.c; path = "../../../spine-c/spine-c/src/spine/SkeletonJson.c"; sourceTree = "<group>"; };
		76F28CAB1DEC7EBB00CDE54D /* Skin.c */ = {isa = PBXFileReference; fileEncoding = 4; lastKnownFileType = sourcecode.c.c; name = Skin.c; path = "../../../spine-c/spine-c/src/spine/Skin.c"; sourceTree = "<group>"; };
		76F28CAC1DEC7EBB00CDE54D /* Slot.c */ = {isa = PBXFileReference; fileEncoding = 4; lastKnownFileType = sourcecode.c.c; name = Slot.c; path = "../../../spine-c/spine-c/src/spine/Slot.c"; sourceTree = "<group>"; };
		76F28CAD1DEC7EBB00CDE54D /* SlotData.c */ = {isa = PBXFileReference; fileEncoding = 4; lastKnownFileType = sourcecode.c.c; name = SlotData.c; path = "../../../spine-c/spine-c/src/spine/SlotData.c"; sourceTree = "<group>"; };
		76F28CAE1DEC7EBB00CDE54D /* TransformConstraint.c */ = {isa = PBXFileReference; fileEncoding = 4; lastKnownFileType = sourcecode.c.c; name = TransformConstraint.c; path = "../../../spine-c/spine-c/src/spine/TransformConstraint.c"; sourceTree = "<group>"; };
		76F28CAF1DEC7EBB00CDE54D /* TransformConstraintData.c */ = {isa = PBXFileReference; fileEncoding = 4; lastKnownFileType = sourcecode.c.c; name = TransformConstraintData.c; path = "../../../spine-c/spine-c/src/spine/TransformConstraintData.c"; sourceTree = "<group>"; };
		76F28CB01DEC7EBB00CDE54D /* VertexAttachment.c */ = {isa = PBXFileReference; fileEncoding = 4; lastKnownFileType = sourcecode.c.c; name = VertexAttachment.c; path = "../../../spine-c/spine-c/src/spine/VertexAttachment.c"; sourceTree = "<group>"; };
		76F5BD531D2BD7D3005917E5 /* TankExample.cpp */ = {isa = PBXFileReference; fileEncoding = 4; lastKnownFileType = sourcecode.cpp.cpp; path = TankExample.cpp; sourceTree = "<group>"; };
		76F5BD541D2BD7D3005917E5 /* TankExample.h */ = {isa = PBXFileReference; fileEncoding = 4; lastKnownFileType = sourcecode.c.h; path = TankExample.h; sourceTree = "<group>"; };
		76FAC18A1E3F97D2001CCC8C /* Color.c */ = {isa = PBXFileReference; fileEncoding = 4; lastKnownFileType = sourcecode.c.c; name = Color.c; path = "../../../spine-c/spine-c/src/spine/Color.c"; sourceTree = "<group>"; };
		76FAC18B1E3F97D2001CCC8C /* PointAttachment.c */ = {isa = PBXFileReference; fileEncoding = 4; lastKnownFileType = sourcecode.c.c; name = PointAttachment.c; path = "../../../spine-c/spine-c/src/spine/PointAttachment.c"; sourceTree = "<group>"; };
		76FB150E1F01377200C5377F /* VertexEffect.c */ = {isa = PBXFileReference; fileEncoding = 4; lastKnownFileType = sourcecode.c.c; path = VertexEffect.c; sourceTree = "<group>"; };
		8262943D1AAF051F00CB7CF7 /* Security.framework */ = {isa = PBXFileReference; lastKnownFileType = wrapper.framework; name = Security.framework; path = System/Library/Frameworks/Security.framework; sourceTree = SDKROOT; };
		BF170DB012928DE900B8313A /* OpenGLES.framework */ = {isa = PBXFileReference; lastKnownFileType = wrapper.framework; name = OpenGLES.framework; path = System/Library/Frameworks/OpenGLES.framework; sourceTree = SDKROOT; };
		BF170DB412928DE900B8313A /* libz.dylib */ = {isa = PBXFileReference; lastKnownFileType = "compiled.mach-o.dylib"; name = libz.dylib; path = usr/lib/libz.dylib; sourceTree = SDKROOT; };
		BF1C47EA1293683800B63C5D /* QuartzCore.framework */ = {isa = PBXFileReference; lastKnownFileType = wrapper.framework; name = QuartzCore.framework; path = System/Library/Frameworks/QuartzCore.framework; sourceTree = SDKROOT; };
		D44C620B132DFF330009C878 /* OpenAL.framework */ = {isa = PBXFileReference; lastKnownFileType = wrapper.framework; name = OpenAL.framework; path = System/Library/Frameworks/OpenAL.framework; sourceTree = SDKROOT; };
		D44C620D132DFF430009C878 /* AVFoundation.framework */ = {isa = PBXFileReference; lastKnownFileType = wrapper.framework; name = AVFoundation.framework; path = System/Library/Frameworks/AVFoundation.framework; sourceTree = SDKROOT; };
		D44C620F132DFF4E0009C878 /* AudioToolbox.framework */ = {isa = PBXFileReference; lastKnownFileType = wrapper.framework; name = AudioToolbox.framework; path = System/Library/Frameworks/AudioToolbox.framework; sourceTree = SDKROOT; };
		D6B0611A1803AB670077942B /* CoreMotion.framework */ = {isa = PBXFileReference; lastKnownFileType = wrapper.framework; name = CoreMotion.framework; path = Platforms/iPhoneOS.platform/Developer/SDKs/iPhoneOS7.0.sdk/System/Library/Frameworks/CoreMotion.framework; sourceTree = DEVELOPER_DIR; };
		ED545A7B1B68A1F400C3958E /* libiconv.dylib */ = {isa = PBXFileReference; lastKnownFileType = "compiled.mach-o.dylib"; name = libiconv.dylib; path = Platforms/iPhoneOS.platform/Developer/SDKs/iPhoneOS8.4.sdk/usr/lib/libiconv.dylib; sourceTree = DEVELOPER_DIR; };
		ED545A7D1B68A1FA00C3958E /* libiconv.dylib */ = {isa = PBXFileReference; lastKnownFileType = "compiled.mach-o.dylib"; name = libiconv.dylib; path = usr/lib/libiconv.dylib; sourceTree = SDKROOT; };
/* End PBXFileReference section */

/* Begin PBXFrameworksBuildPhase section */
		1D60588F0D05DD3D006BFB54 /* Frameworks */ = {
			isa = PBXFrameworksBuildPhase;
			buildActionMask = 2147483647;
			files = (
				7602C5551D7DAA1300C7C674 /* CoreText.framework in Frameworks */,
				ED545A7C1B68A1F400C3958E /* libiconv.dylib in Frameworks */,
				52B47A471A53D09C004E4C60 /* Security.framework in Frameworks */,
				1AC6FB30180E99EB004C840B /* libcocos2d iOS.a in Frameworks */,
				D6B0611B1803AB670077942B /* CoreMotion.framework in Frameworks */,
				1D60589F0D05DD5A006BFB54 /* Foundation.framework in Frameworks */,
				1DF5F4E00D08C38300B7A737 /* UIKit.framework in Frameworks */,
				288765A50DF7441C002DB57D /* CoreGraphics.framework in Frameworks */,
				BF171245129291EC00B8313A /* OpenGLES.framework in Frameworks */,
				BF1712471292920000B8313A /* libz.dylib in Frameworks */,
				BF1C47F01293687400B63C5D /* QuartzCore.framework in Frameworks */,
				D44C620C132DFF330009C878 /* OpenAL.framework in Frameworks */,
				D44C620E132DFF430009C878 /* AVFoundation.framework in Frameworks */,
				D44C6210132DFF4E0009C878 /* AudioToolbox.framework in Frameworks */,
			);
			runOnlyForDeploymentPostprocessing = 0;
		};
		5087E75C17EB910900C73F5D /* Frameworks */ = {
			isa = PBXFrameworksBuildPhase;
			buildActionMask = 2147483647;
			files = (
				ED545A7E1B68A1FA00C3958E /* libiconv.dylib in Frameworks */,
				1AC6FB21180E996B004C840B /* libcocos2d Mac.a in Frameworks */,
				5087E76717EB910900C73F5D /* libz.dylib in Frameworks */,
				8262943E1AAF051F00CB7CF7 /* Security.framework in Frameworks */,
				503AE11B17EB9C5A00D1A890 /* IOKit.framework in Frameworks */,
				5087E78B17EB975400C73F5D /* OpenGL.framework in Frameworks */,
				5087E78917EB974C00C73F5D /* AppKit.framework in Frameworks */,
				5087E76317EB910900C73F5D /* Foundation.framework in Frameworks */,
				5087E76817EB910900C73F5D /* QuartzCore.framework in Frameworks */,
				5087E76917EB910900C73F5D /* OpenAL.framework in Frameworks */,
				5087E76A17EB910900C73F5D /* AVFoundation.framework in Frameworks */,
				5087E76B17EB910900C73F5D /* AudioToolbox.framework in Frameworks */,
			);
			runOnlyForDeploymentPostprocessing = 0;
		};
/* End PBXFrameworksBuildPhase section */

/* Begin PBXGroup section */
		080E96DDFE201D6D7F000001 /* ios */ = {
			isa = PBXGroup;
			children = (
				5087E77117EB970100C73F5D /* Icons */,
				503AE0FA17EB989F00D1A890 /* AppController.h */,
				503AE0FB17EB989F00D1A890 /* AppController.mm */,
				503AE0FC17EB989F00D1A890 /* main.m */,
				503AE0FD17EB989F00D1A890 /* Prefix.pch */,
				503AE0FE17EB989F00D1A890 /* RootViewController.h */,
				503AE0FF17EB989F00D1A890 /* RootViewController.mm */,
			);
			name = ios;
			path = Classes;
			sourceTree = "<group>";
		};
		19C28FACFE9D520D11CA2CBB /* Products */ = {
			isa = PBXGroup;
			children = (
				1D6058910D05DD3D006BFB54 /* spine-cocos2d-x-mobile.app */,
				5087E76F17EB910900C73F5D /* spine-cocos2d-x-desktop.app */,
			);
			name = Products;
			sourceTree = "<group>";
		};
		1AC6FAE6180E9839004C840B /* Products */ = {
			isa = PBXGroup;
			children = (
				1AC6FAF9180E9839004C840B /* libcocos2d Mac.a */,
				1AC6FB07180E9839004C840B /* libcocos2d iOS.a */,
				76AAA3B11D180F5D00C54FCB /* libcocos2d tvOS.a */,
			);
			name = Products;
			sourceTree = "<group>";
		};
		29B97314FDCFA39411CA2CEA /* CustomTemplate */ = {
			isa = PBXGroup;
			children = (
				76AAA3FF1D18102C00C54FCB /* spine-cocos2dx */,
				76AAA3B21D180F7300C54FCB /* spine */,
				46880B8319C43A87006E1F66 /* Classes */,
				46880B7519C43A67006E1F66 /* Resources */,
				1AC6FAE5180E9839004C840B /* cocos2d_libs.xcodeproj */,
				29B97323FDCFA39411CA2CEA /* Frameworks */,
				080E96DDFE201D6D7F000001 /* ios */,
				503AE10617EB990700D1A890 /* mac */,
				19C28FACFE9D520D11CA2CBB /* Products */,
			);
			name = CustomTemplate;
			sourceTree = "<group>";
		};
		29B97323FDCFA39411CA2CEA /* Frameworks */ = {
			isa = PBXGroup;
			children = (
				7602C5541D7DAA1300C7C674 /* CoreText.framework */,
				ED545A7D1B68A1FA00C3958E /* libiconv.dylib */,
				ED545A7B1B68A1F400C3958E /* libiconv.dylib */,
				8262943D1AAF051F00CB7CF7 /* Security.framework */,
				52B47A461A53D09B004E4C60 /* Security.framework */,
				D6B0611A1803AB670077942B /* CoreMotion.framework */,
				503AE11A17EB9C5A00D1A890 /* IOKit.framework */,
				503AE11117EB99EE00D1A890 /* libcurl.dylib */,
				5087E78A17EB975400C73F5D /* OpenGL.framework */,
				5087E78817EB974C00C73F5D /* AppKit.framework */,
				1ACB3243164770DE00914215 /* libcurl.a */,
				BF170DB412928DE900B8313A /* libz.dylib */,
				D44C620F132DFF4E0009C878 /* AudioToolbox.framework */,
				D44C620D132DFF430009C878 /* AVFoundation.framework */,
				288765A40DF7441C002DB57D /* CoreGraphics.framework */,
				1D30AB110D05D00D00671497 /* Foundation.framework */,
				D44C620B132DFF330009C878 /* OpenAL.framework */,
				BF170DB012928DE900B8313A /* OpenGLES.framework */,
				BF1C47EA1293683800B63C5D /* QuartzCore.framework */,
				1DF5F4DF0D08C38300B7A737 /* UIKit.framework */,
			);
			name = Frameworks;
			sourceTree = "<group>";
		};
		46880B7519C43A67006E1F66 /* Resources */ = {
			isa = PBXGroup;
			children = (
				76AAA4521D18132D00C54FCB /* common */,
			);
			name = Resources;
			path = ../Resources;
			sourceTree = "<group>";
		};
		46880B8319C43A87006E1F66 /* Classes */ = {
			isa = PBXGroup;
			children = (
				76D520E41EB362DD00572471 /* CoinExample.cpp */,
				76D520E51EB362DD00572471 /* CoinExample.h */,
				76F5BD531D2BD7D3005917E5 /* TankExample.cpp */,
				76F5BD541D2BD7D3005917E5 /* TankExample.h */,
				76AAA3B31D180F7C00C54FCB /* AppDelegate.cpp */,
				76AAA3B41D180F7C00C54FCB /* AppDelegate.h */,
				76AAA3B51D180F7C00C54FCB /* AppMacros.h */,
				76AAA3B61D180F7C00C54FCB /* BatchingExample.cpp */,
				76AAA3B71D180F7C00C54FCB /* BatchingExample.h */,
				76AAA3B81D180F7C00C54FCB /* GoblinsExample.cpp */,
				76AAA3B91D180F7C00C54FCB /* GoblinsExample.h */,
				76AAA3BA1D180F7C00C54FCB /* RaptorExample.cpp */,
				76AAA3BB1D180F7C00C54FCB /* RaptorExample.h */,
				76AAA3BC1D180F7C00C54FCB /* SimpleCommand.cpp */,
				76AAA3BD1D180F7C00C54FCB /* SimpleCommand.h */,
				76AAA3BE1D180F7C00C54FCB /* SpineboyExample.cpp */,
				76AAA3BF1D180F7C00C54FCB /* SpineboyExample.h */,
			);
			name = Classes;
			path = ../Classes;
			sourceTree = "<group>";
		};
		503AE0F517EB97AB00D1A890 /* Icons */ = {
			isa = PBXGroup;
			children = (
				503AE0F617EB97AB00D1A890 /* Icon.icns */,
				503AE0F717EB97AB00D1A890 /* Info.plist */,
			);
			name = Icons;
			path = mac;
			sourceTree = SOURCE_ROOT;
		};
		503AE10617EB990700D1A890 /* mac */ = {
			isa = PBXGroup;
			children = (
				503AE0F517EB97AB00D1A890 /* Icons */,
				503AE10317EB98FF00D1A890 /* main.cpp */,
				503AE10417EB98FF00D1A890 /* Prefix.pch */,
			);
			name = mac;
			sourceTree = "<group>";
		};
		5087E77117EB970100C73F5D /* Icons */ = {
			isa = PBXGroup;
			children = (
				521A8E6219F0C34300D177D7 /* Default-667h@2x.png */,
				521A8E6319F0C34300D177D7 /* Default-736h@3x.png */,
				5087E77217EB970100C73F5D /* Default-568h@2x.png */,
				5087E77317EB970100C73F5D /* Default.png */,
				5087E77417EB970100C73F5D /* Default@2x.png */,
				50EF62A017ECD613001EB2F8 /* Icon-29.png */,
				50EF62A117ECD613001EB2F8 /* Icon-50.png */,
				50EF629217ECD46A001EB2F8 /* Icon-40.png */,
				50EF629317ECD46A001EB2F8 /* Icon-58.png */,
				50EF629417ECD46A001EB2F8 /* Icon-80.png */,
				50EF629517ECD46A001EB2F8 /* Icon-100.png */,
				5087E77517EB970100C73F5D /* Icon-114.png */,
				5087E77617EB970100C73F5D /* Icon-120.png */,
				5087E77717EB970100C73F5D /* Icon-144.png */,
				5087E77817EB970100C73F5D /* Icon-152.png */,
				5087E77917EB970100C73F5D /* Icon-57.png */,
				5087E77A17EB970100C73F5D /* Icon-72.png */,
				5087E77B17EB970100C73F5D /* Icon-76.png */,
				5087E77C17EB970100C73F5D /* Info.plist */,
			);
			name = Icons;
			path = ios;
			sourceTree = SOURCE_ROOT;
		};
		76AAA3B21D180F7300C54FCB /* spine */ = {
			isa = PBXGroup;
			children = (
				76FB150E1F01377200C5377F /* VertexEffect.c */,
				76D520E11EB3625700572471 /* Array.c */,
				76D520D71EB3611300572471 /* ClippingAttachment.c */,
				76D520D81EB3611300572471 /* SkeletonClipping.c */,
				76D520D91EB3611300572471 /* Triangulator.c */,
				76FAC18A1E3F97D2001CCC8C /* Color.c */,
				76FAC18B1E3F97D2001CCC8C /* PointAttachment.c */,
				76F28C8F1DEC7EBA00CDE54D /* Animation.c */,
				76F28C901DEC7EBA00CDE54D /* AnimationState.c */,
				76F28C911DEC7EBA00CDE54D /* AnimationStateData.c */,
				76F28C921DEC7EBA00CDE54D /* Atlas.c */,
				76F28C931DEC7EBA00CDE54D /* AtlasAttachmentLoader.c */,
				76F28C941DEC7EBA00CDE54D /* Attachment.c */,
				76F28C951DEC7EBA00CDE54D /* AttachmentLoader.c */,
				76F28C961DEC7EBA00CDE54D /* Bone.c */,
				76F28C971DEC7EBA00CDE54D /* BoneData.c */,
				76F28C981DEC7EBA00CDE54D /* BoundingBoxAttachment.c */,
				76F28C991DEC7EBA00CDE54D /* Event.c */,
				76F28C9A1DEC7EBA00CDE54D /* EventData.c */,
				76F28C9B1DEC7EBA00CDE54D /* extension.c */,
				76F28C9C1DEC7EBA00CDE54D /* IkConstraint.c */,
				76F28C9D1DEC7EBA00CDE54D /* IkConstraintData.c */,
				76F28C9E1DEC7EBA00CDE54D /* Json.c */,
				76F28C9F1DEC7EBA00CDE54D /* Json.h */,
				76F28CA01DEC7EBB00CDE54D /* kvec.h */,
				76F28CA11DEC7EBB00CDE54D /* MeshAttachment.c */,
				76F28CA21DEC7EBB00CDE54D /* PathAttachment.c */,
				76F28CA31DEC7EBB00CDE54D /* PathConstraint.c */,
				76F28CA41DEC7EBB00CDE54D /* PathConstraintData.c */,
				76F28CA51DEC7EBB00CDE54D /* RegionAttachment.c */,
				76F28CA61DEC7EBB00CDE54D /* Skeleton.c */,
				76F28CA71DEC7EBB00CDE54D /* SkeletonBinary.c */,
				76F28CA81DEC7EBB00CDE54D /* SkeletonBounds.c */,
				76F28CA91DEC7EBB00CDE54D /* SkeletonData.c */,
				76F28CAA1DEC7EBB00CDE54D /* SkeletonJson.c */,
				76F28CAB1DEC7EBB00CDE54D /* Skin.c */,
				76F28CAC1DEC7EBB00CDE54D /* Slot.c */,
				76F28CAD1DEC7EBB00CDE54D /* SlotData.c */,
				76F28CAE1DEC7EBB00CDE54D /* TransformConstraint.c */,
				76F28CAF1DEC7EBB00CDE54D /* TransformConstraintData.c */,
				76F28CB01DEC7EBB00CDE54D /* VertexAttachment.c */,
			);
			name = spine;
			sourceTree = "<group>";
		};
		76AAA3FF1D18102C00C54FCB /* spine-cocos2dx */ = {
			isa = PBXGroup;
			children = (
				76A45BDC1E64396800745AA1 /* SkeletonTwoColorBatch.cpp */,
				76A45BDD1E64396800745AA1 /* SkeletonTwoColorBatch.h */,
				76AAA4001D18106000C54FCB /* AttachmentVertices.cpp */,
				76AAA4011D18106000C54FCB /* AttachmentVertices.h */,
				76AAA4021D18106000C54FCB /* Cocos2dAttachmentLoader.cpp */,
				76AAA4031D18106000C54FCB /* Cocos2dAttachmentLoader.h */,
				76AAA4041D18106000C54FCB /* SkeletonAnimation.cpp */,
				76AAA4051D18106000C54FCB /* SkeletonAnimation.h */,
				76AAA4061D18106000C54FCB /* SkeletonBatch.cpp */,
				76AAA4071D18106000C54FCB /* SkeletonBatch.h */,
				76AAA4081D18106000C54FCB /* SkeletonRenderer.cpp */,
				76AAA4091D18106000C54FCB /* SkeletonRenderer.h */,
				76AAA40A1D18106000C54FCB /* spine-cocos2dx.cpp */,
				76AAA40B1D18106000C54FCB /* spine-cocos2dx.h */,
			);
			name = "spine-cocos2dx";
			sourceTree = "<group>";
		};
/* End PBXGroup section */

/* Begin PBXNativeTarget section */
		1D6058900D05DD3D006BFB54 /* spine-cocos2d-x-mobile */ = {
			isa = PBXNativeTarget;
			buildConfigurationList = 1D6058960D05DD3E006BFB54 /* Build configuration list for PBXNativeTarget "spine-cocos2d-x-mobile" */;
			buildPhases = (
				1D60588D0D05DD3D006BFB54 /* Resources */,
				1D60588E0D05DD3D006BFB54 /* Sources */,
				1D60588F0D05DD3D006BFB54 /* Frameworks */,
			);
			buildRules = (
			);
			dependencies = (
				1AC6FB25180E99E1004C840B /* PBXTargetDependency */,
			);
			name = "spine-cocos2d-x-mobile";
			productName = iphone;
			productReference = 1D6058910D05DD3D006BFB54 /* spine-cocos2d-x-mobile.app */;
			productType = "com.apple.product-type.application";
		};
		5087E73D17EB910900C73F5D /* spine-cocos2d-x-desktop */ = {
			isa = PBXNativeTarget;
			buildConfigurationList = 5087E76C17EB910900C73F5D /* Build configuration list for PBXNativeTarget "spine-cocos2d-x-desktop" */;
			buildPhases = (
				5087E74817EB910900C73F5D /* Resources */,
				5087E75617EB910900C73F5D /* Sources */,
				5087E75C17EB910900C73F5D /* Frameworks */,
			);
			buildRules = (
			);
			dependencies = (
				1AC6FB16180E9959004C840B /* PBXTargetDependency */,
			);
			name = "spine-cocos2d-x-desktop";
			productName = iphone;
			productReference = 5087E76F17EB910900C73F5D /* spine-cocos2d-x-desktop.app */;
			productType = "com.apple.product-type.application";
		};
/* End PBXNativeTarget section */

/* Begin PBXProject section */
		29B97313FDCFA39411CA2CEA /* Project object */ = {
			isa = PBXProject;
			attributes = {
				LastUpgradeCheck = 0500;
			};
			buildConfigurationList = C01FCF4E08A954540054247B /* Build configuration list for PBXProject "spine-cocos2d-x" */;
			compatibilityVersion = "Xcode 3.2";
			developmentRegion = English;
			hasScannedForEncodings = 1;
			knownRegions = (
				English,
				Japanese,
				French,
				German,
			);
			mainGroup = 29B97314FDCFA39411CA2CEA /* CustomTemplate */;
			projectDirPath = "";
			projectReferences = (
				{
					ProductGroup = 1AC6FAE6180E9839004C840B /* Products */;
					ProjectRef = 1AC6FAE5180E9839004C840B /* cocos2d_libs.xcodeproj */;
				},
			);
			projectRoot = "";
			targets = (
				1D6058900D05DD3D006BFB54 /* spine-cocos2d-x-mobile */,
				5087E73D17EB910900C73F5D /* spine-cocos2d-x-desktop */,
			);
		};
/* End PBXProject section */

/* Begin PBXReferenceProxy section */
		1AC6FAF9180E9839004C840B /* libcocos2d Mac.a */ = {
			isa = PBXReferenceProxy;
			fileType = archive.ar;
			path = "libcocos2d Mac.a";
			remoteRef = 1AC6FAF8180E9839004C840B /* PBXContainerItemProxy */;
			sourceTree = BUILT_PRODUCTS_DIR;
		};
		1AC6FB07180E9839004C840B /* libcocos2d iOS.a */ = {
			isa = PBXReferenceProxy;
			fileType = archive.ar;
			path = "libcocos2d iOS.a";
			remoteRef = 1AC6FB06180E9839004C840B /* PBXContainerItemProxy */;
			sourceTree = BUILT_PRODUCTS_DIR;
		};
		76AAA3B11D180F5D00C54FCB /* libcocos2d tvOS.a */ = {
			isa = PBXReferenceProxy;
			fileType = archive.ar;
			path = "libcocos2d tvOS.a";
			remoteRef = 76AAA3B01D180F5D00C54FCB /* PBXContainerItemProxy */;
			sourceTree = BUILT_PRODUCTS_DIR;
		};
/* End PBXReferenceProxy section */

/* Begin PBXResourcesBuildPhase section */
		1D60588D0D05DD3D006BFB54 /* Resources */ = {
			isa = PBXResourcesBuildPhase;
			buildActionMask = 2147483647;
			files = (
				5087E78117EB970100C73F5D /* Icon-120.png in Resources */,
				5087E78617EB970100C73F5D /* Icon-76.png in Resources */,
				5087E77F17EB970100C73F5D /* Default@2x.png in Resources */,
				50EF629917ECD46A001EB2F8 /* Icon-100.png in Resources */,
				5087E78317EB970100C73F5D /* Icon-152.png in Resources */,
				5087E77D17EB970100C73F5D /* Default-568h@2x.png in Resources */,
				5087E78517EB970100C73F5D /* Icon-72.png in Resources */,
				76AAA4571D18132D00C54FCB /* common in Resources */,
				521A8E6519F0C34300D177D7 /* Default-736h@3x.png in Resources */,
				50EF62A317ECD613001EB2F8 /* Icon-50.png in Resources */,
				5087E78017EB970100C73F5D /* Icon-114.png in Resources */,
				50EF62A217ECD613001EB2F8 /* Icon-29.png in Resources */,
				50EF629617ECD46A001EB2F8 /* Icon-40.png in Resources */,
				5087E78217EB970100C73F5D /* Icon-144.png in Resources */,
				50EF629817ECD46A001EB2F8 /* Icon-80.png in Resources */,
				5087E78417EB970100C73F5D /* Icon-57.png in Resources */,
				5087E77E17EB970100C73F5D /* Default.png in Resources */,
				521A8E6419F0C34300D177D7 /* Default-667h@2x.png in Resources */,
				50EF629717ECD46A001EB2F8 /* Icon-58.png in Resources */,
			);
			runOnlyForDeploymentPostprocessing = 0;
		};
		5087E74817EB910900C73F5D /* Resources */ = {
			isa = PBXResourcesBuildPhase;
			buildActionMask = 2147483647;
			files = (
				503AE0F817EB97AB00D1A890 /* Icon.icns in Resources */,
				76AAA4581D18132D00C54FCB /* common in Resources */,
			);
			runOnlyForDeploymentPostprocessing = 0;
		};
/* End PBXResourcesBuildPhase section */

/* Begin PBXSourcesBuildPhase section */
		1D60588E0D05DD3D006BFB54 /* Sources */ = {
			isa = PBXSourcesBuildPhase;
			buildActionMask = 2147483647;
			files = (
				76F28CCA1DEC7EBB00CDE54D /* SkeletonJson.c in Sources */,
				76AAA40C1D18106000C54FCB /* AttachmentVertices.cpp in Sources */,
				76F28CC81DEC7EBB00CDE54D /* SkeletonBounds.c in Sources */,
				76F28CB71DEC7EBB00CDE54D /* AttachmentLoader.c in Sources */,
				76F5BD551D2BD7D3005917E5 /* TankExample.cpp in Sources */,
				76F28CCC1DEC7EBB00CDE54D /* Slot.c in Sources */,
				76F28CB31DEC7EBB00CDE54D /* AnimationStateData.c in Sources */,
				76D520E21EB3625700572471 /* Array.c in Sources */,
				76F28CBE1DEC7EBB00CDE54D /* IkConstraint.c in Sources */,
				76AAA3C51D180F7C00C54FCB /* SpineboyExample.cpp in Sources */,
				76AAA3C11D180F7C00C54FCB /* BatchingExample.cpp in Sources */,
				76F28CD01DEC7EBB00CDE54D /* VertexAttachment.c in Sources */,
				76F28CBD1DEC7EBB00CDE54D /* extension.c in Sources */,
				76F28CB11DEC7EBB00CDE54D /* Animation.c in Sources */,
				76F28CC71DEC7EBB00CDE54D /* SkeletonBinary.c in Sources */,
				76AAA40D1D18106000C54FCB /* Cocos2dAttachmentLoader.cpp in Sources */,
				76F28CC51DEC7EBB00CDE54D /* RegionAttachment.c in Sources */,
				76AAA40F1D18106000C54FCB /* SkeletonBatch.cpp in Sources */,
				76F28CBB1DEC7EBB00CDE54D /* Event.c in Sources */,
				76AAA3C31D180F7C00C54FCB /* RaptorExample.cpp in Sources */,
				76F28CB51DEC7EBB00CDE54D /* AtlasAttachmentLoader.c in Sources */,
				76AAA3C01D180F7C00C54FCB /* AppDelegate.cpp in Sources */,
				76FAC18D1E3F97D2001CCC8C /* PointAttachment.c in Sources */,
				76F28CC31DEC7EBB00CDE54D /* PathConstraint.c in Sources */,
				76AAA3C41D180F7C00C54FCB /* SimpleCommand.cpp in Sources */,
				503AE10017EB989F00D1A890 /* AppController.mm in Sources */,
				76F28CC11DEC7EBB00CDE54D /* MeshAttachment.c in Sources */,
				76F28CC01DEC7EBB00CDE54D /* Json.c in Sources */,
				76F28CC21DEC7EBB00CDE54D /* PathAttachment.c in Sources */,
				76F28CBA1DEC7EBB00CDE54D /* BoundingBoxAttachment.c in Sources */,
				76F28CBC1DEC7EBB00CDE54D /* EventData.c in Sources */,
				76F28CCD1DEC7EBB00CDE54D /* SlotData.c in Sources */,
				76AAA40E1D18106000C54FCB /* SkeletonAnimation.cpp in Sources */,
				76F28CB41DEC7EBB00CDE54D /* Atlas.c in Sources */,
				76F28CB21DEC7EBB00CDE54D /* AnimationState.c in Sources */,
				76AAA4111D18106000C54FCB /* spine-cocos2dx.cpp in Sources */,
				76F28CCF1DEC7EBB00CDE54D /* TransformConstraintData.c in Sources */,
				76F28CCE1DEC7EBB00CDE54D /* TransformConstraint.c in Sources */,
				76F28CB91DEC7EBB00CDE54D /* BoneData.c in Sources */,
				76AAA3C21D180F7C00C54FCB /* GoblinsExample.cpp in Sources */,
				76F28CC91DEC7EBB00CDE54D /* SkeletonData.c in Sources */,
				76D520DA1EB3611300572471 /* ClippingAttachment.c in Sources */,
				76F28CC41DEC7EBB00CDE54D /* PathConstraintData.c in Sources */,
				76F28CB81DEC7EBB00CDE54D /* Bone.c in Sources */,
				76F28CB61DEC7EBB00CDE54D /* Attachment.c in Sources */,
				503AE10217EB989F00D1A890 /* RootViewController.mm in Sources */,
				76FB150F1F01377200C5377F /* VertexEffect.c in Sources */,
				503AE10117EB989F00D1A890 /* main.m in Sources */,
				76D520DB1EB3611300572471 /* SkeletonClipping.c in Sources */,
				76F28CCB1DEC7EBB00CDE54D /* Skin.c in Sources */,
				76A45BDE1E64396800745AA1 /* SkeletonTwoColorBatch.cpp in Sources */,
				76F28CBF1DEC7EBB00CDE54D /* IkConstraintData.c in Sources */,
				76F28CC61DEC7EBB00CDE54D /* Skeleton.c in Sources */,
				76AAA4101D18106000C54FCB /* SkeletonRenderer.cpp in Sources */,
				76D520E61EB362DD00572471 /* CoinExample.cpp in Sources */,
				76FAC18C1E3F97D2001CCC8C /* Color.c in Sources */,
				76D520DC1EB3611300572471 /* Triangulator.c in Sources */,
			);
			runOnlyForDeploymentPostprocessing = 0;
		};
		5087E75617EB910900C73F5D /* Sources */ = {
			isa = PBXSourcesBuildPhase;
			buildActionMask = 2147483647;
			files = (
				76FB15111F0139B400C5377F /* VertexEffect.c in Sources */,
				76D520E71EB3634600572471 /* CoinExample.cpp in Sources */,
				76D520E31EB3625B00572471 /* Array.c in Sources */,
				76D520DE1EB3619800572471 /* ClippingAttachment.c in Sources */,
				76D520DF1EB3619800572471 /* SkeletonClipping.c in Sources */,
				76D520E01EB3619800572471 /* Triangulator.c in Sources */,
				76FAC18F1E3F98A0001CCC8C /* Color.c in Sources */,
				76FAC1901E3F98A0001CCC8C /* PointAttachment.c in Sources */,
				76F28CD11DEC7FFA00CDE54D /* Animation.c in Sources */,
				76F28CD21DEC7FFA00CDE54D /* AnimationState.c in Sources */,
				76F28CD31DEC7FFA00CDE54D /* AnimationStateData.c in Sources */,
				76F28CD41DEC7FFA00CDE54D /* Atlas.c in Sources */,
				76F28CD51DEC7FFA00CDE54D /* AtlasAttachmentLoader.c in Sources */,
				76F28CD61DEC7FFA00CDE54D /* Attachment.c in Sources */,
				76F28CD71DEC7FFA00CDE54D /* AttachmentLoader.c in Sources */,
				76F28CD81DEC7FFA00CDE54D /* Bone.c in Sources */,
				76F28CD91DEC7FFA00CDE54D /* BoneData.c in Sources */,
				76F28CDA1DEC7FFA00CDE54D /* BoundingBoxAttachment.c in Sources */,
				76F28CDB1DEC7FFA00CDE54D /* Event.c in Sources */,
				76F28CDC1DEC7FFA00CDE54D /* EventData.c in Sources */,
				76F28CDD1DEC7FFA00CDE54D /* extension.c in Sources */,
				76F28CDE1DEC7FFA00CDE54D /* IkConstraint.c in Sources */,
				76F28CDF1DEC7FFA00CDE54D /* IkConstraintData.c in Sources */,
				76F28CE01DEC7FFA00CDE54D /* Json.c in Sources */,
				76F28CE11DEC7FFA00CDE54D /* Json.h in Sources */,
				76F28CE21DEC7FFA00CDE54D /* kvec.h in Sources */,
				76F28CE31DEC7FFA00CDE54D /* MeshAttachment.c in Sources */,
				76F28CE41DEC7FFA00CDE54D /* PathAttachment.c in Sources */,
				76F28CE51DEC7FFA00CDE54D /* PathConstraint.c in Sources */,
				76F28CE61DEC7FFA00CDE54D /* PathConstraintData.c in Sources */,
				76F28CE71DEC7FFA00CDE54D /* RegionAttachment.c in Sources */,
				76F28CE81DEC7FFA00CDE54D /* Skeleton.c in Sources */,
				76F28CE91DEC7FFA00CDE54D /* SkeletonBinary.c in Sources */,
				76F28CEA1DEC7FFA00CDE54D /* SkeletonBounds.c in Sources */,
				76F28CEB1DEC7FFA00CDE54D /* SkeletonData.c in Sources */,
				76F28CEC1DEC7FFA00CDE54D /* SkeletonJson.c in Sources */,
				76F28CED1DEC7FFA00CDE54D /* Skin.c in Sources */,
				76F28CEE1DEC7FFA00CDE54D /* Slot.c in Sources */,
				76F28CEF1DEC7FFA00CDE54D /* SlotData.c in Sources */,
				76F28CF01DEC7FFA00CDE54D /* TransformConstraint.c in Sources */,
				76F28CF11DEC7FFA00CDE54D /* TransformConstraintData.c in Sources */,
				76F28CF21DEC7FFA00CDE54D /* VertexAttachment.c in Sources */,
				76F5BD561D2BD7EF005917E5 /* TankExample.cpp in Sources */,
				76F5BD571D2BD7EF005917E5 /* TankExample.h in Sources */,
				76AAA43B1D1811B000C54FCB /* AppDelegate.cpp in Sources */,
				76AAA43C1D1811B000C54FCB /* AppDelegate.h in Sources */,
				76AAA43D1D1811B000C54FCB /* AppMacros.h in Sources */,
				76AAA43E1D1811B000C54FCB /* BatchingExample.cpp in Sources */,
				76AAA43F1D1811B000C54FCB /* BatchingExample.h in Sources */,
				76AAA4401D1811B000C54FCB /* GoblinsExample.cpp in Sources */,
				76AAA4411D1811B000C54FCB /* GoblinsExample.h in Sources */,
				76AAA4421D1811B000C54FCB /* RaptorExample.cpp in Sources */,
				76AAA4431D1811B000C54FCB /* RaptorExample.h in Sources */,
				76AAA4441D1811B000C54FCB /* SimpleCommand.cpp in Sources */,
				76AAA4451D1811B000C54FCB /* SimpleCommand.h in Sources */,
				76AAA4461D1811B000C54FCB /* SpineboyExample.cpp in Sources */,
				76AAA4471D1811B000C54FCB /* SpineboyExample.h in Sources */,
				76AAA4121D18119F00C54FCB /* AttachmentVertices.cpp in Sources */,
				76AAA4131D18119F00C54FCB /* AttachmentVertices.h in Sources */,
				76AAA4141D18119F00C54FCB /* Cocos2dAttachmentLoader.cpp in Sources */,
				76A45BDF1E64396800745AA1 /* SkeletonTwoColorBatch.cpp in Sources */,
				76AAA4151D18119F00C54FCB /* Cocos2dAttachmentLoader.h in Sources */,
				76AAA4161D18119F00C54FCB /* SkeletonAnimation.cpp in Sources */,
				76AAA4171D18119F00C54FCB /* SkeletonAnimation.h in Sources */,
				76AAA4181D18119F00C54FCB /* SkeletonBatch.cpp in Sources */,
				76AAA4191D18119F00C54FCB /* SkeletonBatch.h in Sources */,
				76AAA41A1D18119F00C54FCB /* SkeletonRenderer.cpp in Sources */,
				76AAA41B1D18119F00C54FCB /* SkeletonRenderer.h in Sources */,
				76AAA41C1D18119F00C54FCB /* spine-cocos2dx.cpp in Sources */,
				76AAA41D1D18119F00C54FCB /* spine-cocos2dx.h in Sources */,
				503AE10517EB98FF00D1A890 /* main.cpp in Sources */,
			);
			runOnlyForDeploymentPostprocessing = 0;
		};
/* End PBXSourcesBuildPhase section */

/* Begin PBXTargetDependency section */
		1AC6FB16180E9959004C840B /* PBXTargetDependency */ = {
			isa = PBXTargetDependency;
			name = "cocos2dx Mac";
			targetProxy = 1AC6FB15180E9959004C840B /* PBXContainerItemProxy */;
		};
		1AC6FB25180E99E1004C840B /* PBXTargetDependency */ = {
			isa = PBXTargetDependency;
			name = "cocos2dx iOS";
			targetProxy = 1AC6FB24180E99E1004C840B /* PBXContainerItemProxy */;
		};
/* End PBXTargetDependency section */

/* Begin XCBuildConfiguration section */
		1D6058940D05DD3E006BFB54 /* Debug */ = {
			isa = XCBuildConfiguration;
			buildSettings = {
				ALWAYS_SEARCH_USER_PATHS = YES;
				CODE_SIGN_IDENTITY = "iPhone Developer";
				COMPRESS_PNG_FILES = NO;
				ENABLE_BITCODE = NO;
				GCC_DYNAMIC_NO_PIC = NO;
				GCC_INLINES_ARE_PRIVATE_EXTERN = NO;
				GCC_PRECOMPILE_PREFIX_HEADER = YES;
				GCC_PREFIX_HEADER = ios/Prefix.pch;
				GCC_PREPROCESSOR_DEFINITIONS = (
					USE_FILE32API,
					"COCOS2D_DEBUG=1",
					"CC_ENABLE_CHIPMUNK_INTEGRATION=1",
				);
				GCC_SYMBOLS_PRIVATE_EXTERN = NO;
				HEADER_SEARCH_PATHS = "$(inherited)";
				INFOPLIST_FILE = ios/Info.plist;
				IPHONEOS_DEPLOYMENT_TARGET = 6.0;
				LIBRARY_SEARCH_PATHS = "";
				OTHER_LDFLAGS = (
					"$(_COCOS_LIB_IOS_BEGIN)",
					"$(_COCOS_LIB_IOS_END)",
				);
				SDKROOT = iphoneos;
				TARGETED_DEVICE_FAMILY = "1,2";
				USER_HEADER_SEARCH_PATHS = "$(_COCOS_HEADER_IOS_BEGIN) $(_COCOS_HEADER_IOS_END)";
				VALID_ARCHS = "arm64 armv7";
			};
			name = Debug;
		};
		1D6058950D05DD3E006BFB54 /* Release */ = {
			isa = XCBuildConfiguration;
			buildSettings = {
				ALWAYS_SEARCH_USER_PATHS = YES;
				CODE_SIGN_IDENTITY = "iPhone Developer";
				COMPRESS_PNG_FILES = NO;
				ENABLE_BITCODE = NO;
				GCC_INLINES_ARE_PRIVATE_EXTERN = NO;
				GCC_PRECOMPILE_PREFIX_HEADER = YES;
				GCC_PREFIX_HEADER = ios/Prefix.pch;
				GCC_PREPROCESSOR_DEFINITIONS = (
					USE_FILE32API,
					"CC_ENABLE_CHIPMUNK_INTEGRATION=1",
				);
				GCC_SYMBOLS_PRIVATE_EXTERN = NO;
				HEADER_SEARCH_PATHS = "$(inherited)";
				INFOPLIST_FILE = ios/Info.plist;
				IPHONEOS_DEPLOYMENT_TARGET = 6.0;
				LIBRARY_SEARCH_PATHS = "";
				OTHER_LDFLAGS = (
					"$(_COCOS_LIB_IOS_BEGIN)",
					"$(_COCOS_LIB_IOS_END)",
				);
				SDKROOT = iphoneos;
				TARGETED_DEVICE_FAMILY = "1,2";
				USER_HEADER_SEARCH_PATHS = "$(_COCOS_HEADER_IOS_BEGIN) $(_COCOS_HEADER_IOS_END)";
				VALID_ARCHS = "arm64 armv7";
			};
			name = Release;
		};
		5087E76D17EB910900C73F5D /* Debug */ = {
			isa = XCBuildConfiguration;
			buildSettings = {
				ALWAYS_SEARCH_USER_PATHS = YES;
				ARCHS = "$(ARCHS_STANDARD_64_BIT)";
				CLANG_CXX_LANGUAGE_STANDARD = "c++0x";
				CLANG_CXX_LIBRARY = "libc++";
				GCC_DYNAMIC_NO_PIC = NO;
				GCC_INLINES_ARE_PRIVATE_EXTERN = NO;
				GCC_PRECOMPILE_PREFIX_HEADER = YES;
				GCC_PREFIX_HEADER = mac/Prefix.pch;
				GCC_PREPROCESSOR_DEFINITIONS = (
					USE_FILE32API,
					"COCOS2D_DEBUG=1",
					"CC_ENABLE_CHIPMUNK_INTEGRATION=1",
				);
				GCC_SYMBOLS_PRIVATE_EXTERN = NO;
				HEADER_SEARCH_PATHS = (
					"$(inherited)",
					"$(SRCROOT)/../cocos2d/external/glfw3/include/mac",
				);
				INFOPLIST_FILE = mac/Info.plist;
				LIBRARY_SEARCH_PATHS = "";
				OTHER_LDFLAGS = (
					"$(_COCOS_LIB_MAC_BEGIN)",
					"$(_COCOS_LIB_MAC_END)",
				);
				USER_HEADER_SEARCH_PATHS = "$(_COCOS_HEADER_MAC_BEGIN) $(_COCOS_HEADER_MAC_END)";
			};
			name = Debug;
		};
		5087E76E17EB910900C73F5D /* Release */ = {
			isa = XCBuildConfiguration;
			buildSettings = {
				ALWAYS_SEARCH_USER_PATHS = YES;
				ARCHS = "$(ARCHS_STANDARD_64_BIT)";
				CLANG_CXX_LANGUAGE_STANDARD = "c++0x";
				CLANG_CXX_LIBRARY = "libc++";
				GCC_INLINES_ARE_PRIVATE_EXTERN = NO;
				GCC_PRECOMPILE_PREFIX_HEADER = YES;
				GCC_PREFIX_HEADER = mac/Prefix.pch;
				GCC_PREPROCESSOR_DEFINITIONS = (
					USE_FILE32API,
					"CC_ENABLE_CHIPMUNK_INTEGRATION=1",
				);
				GCC_SYMBOLS_PRIVATE_EXTERN = NO;
				HEADER_SEARCH_PATHS = (
					"$(inherited)",
					"$(SRCROOT)/../cocos2d/external/glfw3/include/mac",
				);
				INFOPLIST_FILE = mac/Info.plist;
				LIBRARY_SEARCH_PATHS = "";
				OTHER_LDFLAGS = (
					"$(_COCOS_LIB_MAC_BEGIN)",
					"$(_COCOS_LIB_MAC_END)",
				);
				USER_HEADER_SEARCH_PATHS = "$(_COCOS_HEADER_MAC_BEGIN) $(_COCOS_HEADER_MAC_END)";
			};
			name = Release;
		};
		C01FCF4F08A954540054247B /* Debug */ = {
			isa = XCBuildConfiguration;
			buildSettings = {
				CLANG_CXX_LANGUAGE_STANDARD = "c++0x";
				CLANG_CXX_LIBRARY = "libc++";
				COPY_PHASE_STRIP = NO;
				GCC_OPTIMIZATION_LEVEL = 0;
				GCC_WARN_ABOUT_RETURN_TYPE = YES;
				GCC_WARN_UNUSED_VARIABLE = YES;
				HEADER_SEARCH_PATHS = (
					"$(SRCROOT)/../cocos2d",
					"$(SRCROOT)/../cocos2d/cocos/audio/include",
					"$(SRCROOT)/../cocos2d/cocos",
					"$(SRCROOT)/../cocos2d/extensions",
					"$(SRCROOT)/../cocos2d/external",
					"$(SRCROOT)/../cocos2d/external/chipmunk/include/chipmunk",
					"$(SRCROOT)/../../../spine-c/spine-c/include",
					"$(SRCROOT)/../../src",
				);
				IPHONEOS_DEPLOYMENT_TARGET = 6.0;
				MACOSX_DEPLOYMENT_TARGET = 10.7;
				ONLY_ACTIVE_ARCH = YES;
				PRODUCT_NAME = "$(TARGET_NAME)";
				SDKROOT = macosx;
			};
			name = Debug;
		};
		C01FCF5008A954540054247B /* Release */ = {
			isa = XCBuildConfiguration;
			buildSettings = {
				CLANG_CXX_LANGUAGE_STANDARD = "c++0x";
				CLANG_CXX_LIBRARY = "libc++";
				GCC_WARN_ABOUT_RETURN_TYPE = YES;
				GCC_WARN_UNUSED_VARIABLE = YES;
				HEADER_SEARCH_PATHS = (
					"$(SRCROOT)/../cocos2d",
					"$(SRCROOT)/../cocos2d/cocos/audio/include",
					"$(SRCROOT)/../cocos2d/cocos",
					"$(SRCROOT)/../cocos2d/extensions",
					"$(SRCROOT)/../cocos2d/external",
					"$(SRCROOT)/../cocos2d/external/chipmunk/include/chipmunk",
					"$(SRCROOT)/../../../spine-c/spine-c/include",
					"$(SRCROOT)/../../src",
				);
				IPHONEOS_DEPLOYMENT_TARGET = 6.0;
				MACOSX_DEPLOYMENT_TARGET = 10.7;
				OTHER_CFLAGS = "-DNS_BLOCK_ASSERTIONS=1";
				PRODUCT_NAME = "$(TARGET_NAME)";
				SDKROOT = macosx;
				VALIDATE_PRODUCT = YES;
			};
			name = Release;
		};
/* End XCBuildConfiguration section */

/* Begin XCConfigurationList section */
		1D6058960D05DD3E006BFB54 /* Build configuration list for PBXNativeTarget "spine-cocos2d-x-mobile" */ = {
			isa = XCConfigurationList;
			buildConfigurations = (
				1D6058940D05DD3E006BFB54 /* Debug */,
				1D6058950D05DD3E006BFB54 /* Release */,
			);
			defaultConfigurationIsVisible = 0;
			defaultConfigurationName = Debug;
		};
		5087E76C17EB910900C73F5D /* Build configuration list for PBXNativeTarget "spine-cocos2d-x-desktop" */ = {
			isa = XCConfigurationList;
			buildConfigurations = (
				5087E76D17EB910900C73F5D /* Debug */,
				5087E76E17EB910900C73F5D /* Release */,
			);
			defaultConfigurationIsVisible = 0;
			defaultConfigurationName = Debug;
		};
		C01FCF4E08A954540054247B /* Build configuration list for PBXProject "spine-cocos2d-x" */ = {
			isa = XCConfigurationList;
			buildConfigurations = (
				C01FCF4F08A954540054247B /* Debug */,
				C01FCF5008A954540054247B /* Release */,
			);
			defaultConfigurationIsVisible = 0;
			defaultConfigurationName = Debug;
		};
/* End XCConfigurationList section */
	};
	rootObject = 29B97313FDCFA39411CA2CEA /* Project object */;
}
