<?xml version="1.0" encoding="utf-8"?>
<Project ToolsVersion="4.0" xmlns="http://schemas.microsoft.com/developer/msbuild/2003">
  <ItemGroup>
    <Filter Include="win32">
      <UniqueIdentifier>{ef769de4-53ac-449d-92e6-e67ec8d7414e}</UniqueIdentifier>
    </Filter>
    <Filter Include="Classes">
      <UniqueIdentifier>{0dcd52ca-d521-4ba1-a1fa-c0d58a2df402}</UniqueIdentifier>
    </Filter>
    <Filter Include="src">
      <UniqueIdentifier>{54b66b2b-0990-4335-a821-332c44b6f83e}</UniqueIdentifier>
    </Filter>
  </ItemGroup>
  <ItemGroup>
    <ClInclude Include="main.h">
      <Filter>win32</Filter>
    </ClInclude>
    <ClInclude Include="..\Classes\AppDelegate.h">
      <Filter>Classes</Filter>
    </ClInclude>
    <ClInclude Include="..\Classes\AppMacros.h">
      <Filter>Classes</Filter>
    </ClInclude>
    <ClInclude Include="..\Classes\ExampleLayer.h">
      <Filter>Classes</Filter>
    </ClInclude>
    <ClInclude Include="..\..\src\spine\SkeletonRenderer.h">
      <Filter>src</Filter>
    </ClInclude>
    <ClInclude Include="..\..\src\spine\spine-cocos2dx.h">
      <Filter>src</Filter>
    </ClInclude>
    <ClInclude Include="..\..\src\spine\SkeletonAnimation.h">
      <Filter>src</Filter>
    </ClInclude>
  </ItemGroup>
  <ItemGroup>
    <ClCompile Include="main.cpp">
      <Filter>win32</Filter>
    </ClCompile>
    <ClCompile Include="..\Classes\AppDelegate.cpp">
      <Filter>Classes</Filter>
    </ClCompile>
    <ClCompile Include="..\Classes\ExampleLayer.cpp">
      <Filter>Classes</Filter>
    </ClCompile>
    <ClCompile Include="..\..\src\spine\SkeletonRenderer.cpp">
      <Filter>src</Filter>
    </ClCompile>
    <ClCompile Include="..\..\src\spine\spine-cocos2dx.cpp">
      <Filter>src</Filter>
    </ClCompile>
    <ClCompile Include="..\..\src\spine\SkeletonAnimation.cpp">
      <Filter>src</Filter>
    </ClCompile>
  </ItemGroup>
</Project>